// !$*UTF8*$!
{
	archiveVersion = 1;
	classes = {
	};
	objectVersion = 55;
	objects = {

/* Begin PBXBuildFile section */
		018B7A9855575792CA0463FF /* ListArrowView.swift in Sources */ = {isa = PBXBuildFile; fileRef = BBB0C8764BC9F1870C6FCBE2 /* ListArrowView.swift */; };
		025894D77D3666CB7740CD17 /* WebViews.swift in Sources */ = {isa = PBXBuildFile; fileRef = CC9AFA1CE28E4EF0FFEE42CC /* WebViews.swift */; };
		033199A9701FE968BDF1A18C /* EditImageModifier.swift in Sources */ = {isa = PBXBuildFile; fileRef = F4A4E519C38FFFA3C2D2F832 /* EditImageModifier.swift */; };
		044FC0B7D76F3645117462DD /* NaviagationSearchView.swift in Sources */ = {isa = PBXBuildFile; fileRef = 789B81997B8775BC1B13F1C9 /* NaviagationSearchView.swift */; };
		08B22E7F1A66CD5B6E3CF75A /* MainDetailService.swift in Resources */ = {isa = PBXBuildFile; fileRef = CA5C26DA957A00AD21C5C4AD /* MainDetailService.swift */; };
		0B4AB04D4226F87087533CFA /* BrandType.swift in Sources */ = {isa = PBXBuildFile; fileRef = 8182B025F7FC8DA04A885C92 /* BrandType.swift */; };
		0C1D1098E108FBE4B1CBE72A /* MainShoesViewModel.swift in Sources */ = {isa = PBXBuildFile; fileRef = 1D42C720BD3CF0BDC99C1E50 /* MainShoesViewModel.swift */; };
		0C8D9A5174873BF0E207CD36 /* ShoesModel.swift in Resources */ = {isa = PBXBuildFile; fileRef = 6091C4499AE085E2881E8034 /* ShoesModel.swift */; };
		0CBF34EFE97DF084D012B7A0 /* OverlayView.swift in Sources */ = {isa = PBXBuildFile; fileRef = 392F45893B3478583CAD5941 /* OverlayView.swift */; };
		0CC600D1A77CEBEC77F5D674 /* AffinityAppCheck.swift in Sources */ = {isa = PBXBuildFile; fileRef = A2BA0187687551892299B357 /* AffinityAppCheck.swift */; };
		0D3CDA020646A2E05D26314D /* FindPasswordView.swift in Sources */ = {isa = PBXBuildFile; fileRef = BA8682E2ABADFF9944B15C16 /* FindPasswordView.swift */; };
		0D4F36238594BF881EDCD53A /* SignUPView.swift in Sources */ = {isa = PBXBuildFile; fileRef = DE8DE5E79EFB341D9117B444 /* SignUPView.swift */; };
		0E6D8B173745815D3EEF70FA /* NanumSquareNeo-bRg.ttf in Resources */ = {isa = PBXBuildFile; fileRef = 9F882F5946E472E1DCC6AD98 /* NanumSquareNeo-bRg.ttf */; };
		11743B14EFAD0039415B53F4 /* FontColor.swift in Resources */ = {isa = PBXBuildFile; fileRef = 6D08256C0CC3DB9B3709374E /* FontColor.swift */; };
		13ADD53916625ECE3BD00253 /* LoginViewModelTest.swift in Sources */ = {isa = PBXBuildFile; fileRef = 2CDB99A9B732FC01EFCAED51 /* LoginViewModelTest.swift */; };
		18ADE4FEB3E00626004DB633 /* MarketAppApp.swift in Sources */ = {isa = PBXBuildFile; fileRef = 5B4430ACB1948557D37785A5 /* MarketAppApp.swift */; };
		1930DFA4E3ECC09559CD7924 /* APIError.swift in Resources */ = {isa = PBXBuildFile; fileRef = 0B10212912C4A313226C9FFD /* APIError.swift */; };
		1F73A72238476FF5C028563E /* withDrawPOPUPView.swift in Resources */ = {isa = PBXBuildFile; fileRef = B51CE0114C2295E7C844C8E6 /* withDrawPOPUPView.swift */; };
		1FE73D06981336D4B821F433 /* SignUPNickNameView.swift in Resources */ = {isa = PBXBuildFile; fileRef = 9654E630732FBAE3D5D3E09E /* SignUPNickNameView.swift */; };
		20F13A70324053D9EF01BDA0 /* FindEmailView.swift in Resources */ = {isa = PBXBuildFile; fileRef = 8F7702D2AD2920C0BC8DD44F /* FindEmailView.swift */; };
		24902A0D2E42EF7CC83B28C3 /* SizeReader.swift in Resources */ = {isa = PBXBuildFile; fileRef = 403B5D16C18AFBBBCA8F5490 /* SizeReader.swift */; };
		285559F9242E786C1CEF2BA5 /* NotiView.swift in Sources */ = {isa = PBXBuildFile; fileRef = A2501E08F5DAEAB869375DE7 /* NotiView.swift */; };
		287E5CB3F265B3CEE75B5F28 /* ProfileViewModelTests.swift in Sources */ = {isa = PBXBuildFile; fileRef = A12F0A07A6F50F20C0772375 /* ProfileViewModelTests.swift */; };
		2896AFC4CA182D06A5C12D5A /* ProfileNickNameView.swift in Sources */ = {isa = PBXBuildFile; fileRef = 04F3E93E240D72E75D5F1CCC /* ProfileNickNameView.swift */; };
		2A9A093BA954D0C8C2AC6781 /* ColorAsset.swift in Sources */ = {isa = PBXBuildFile; fileRef = 4F97435BEDC3FC5EC56A8A35 /* ColorAsset.swift */; };
		2AD3ACCCE04F892553FE5F1A /* ProfileView.swift in Sources */ = {isa = PBXBuildFile; fileRef = 303D38B28FCC2513A0AF37C4 /* ProfileView.swift */; };
		2C0BDE6B0CD274A9A74C19BC /* ShareView.swift in Resources */ = {isa = PBXBuildFile; fileRef = 6C2D9A1DAC2D8581DF568A39 /* ShareView.swift */; };
		30157EB57CA211444FDAF9F5 /* AppLifeCycleModifier.swift in Sources */ = {isa = PBXBuildFile; fileRef = A3B810C73E109D6EF8C4A956 /* AppLifeCycleModifier.swift */; };
		329EF12E6BB0FBBC7374D6A4 /* ListArrowView.swift in Resources */ = {isa = PBXBuildFile; fileRef = BBB0C8764BC9F1870C6FCBE2 /* ListArrowView.swift */; };
		32F369BEAB556FF275B0200A /* LoginItem.swift in Resources */ = {isa = PBXBuildFile; fileRef = 0C7011CDCC27E6C21A44B247 /* LoginItem.swift */; };
		334879CCAA5646E9E2EAD2C5 /* ACarouselViewModel.swift in Sources */ = {isa = PBXBuildFile; fileRef = 8E49E7FAE794A4B9F595C8B7 /* ACarouselViewModel.swift */; };
		358D79D280FA156D7578D5DD /* ScrollViewModifier.swift in Resources */ = {isa = PBXBuildFile; fileRef = CD00B99BFD59A7D63733FF0B /* ScrollViewModifier.swift */; };
		38E2DFD071C9CD3D2797D28E /* MainTabView.swift in Resources */ = {isa = PBXBuildFile; fileRef = 4CFF74427B3B3825C0500EAB /* MainTabView.swift */; };
		39110FF8B7F5255638B4317A /* ShoesDetailModel.swift in Sources */ = {isa = PBXBuildFile; fileRef = 5A5D4B5CC7A5ACF9A2748458 /* ShoesDetailModel.swift */; };
		398EB075B1673F247D3EE630 /* ModalShapeCorner.swift in Sources */ = {isa = PBXBuildFile; fileRef = 416F9D6718A5305ADC1D0587 /* ModalShapeCorner.swift */; };
		39DC6D0203FB763867225D41 /* SizeReader.swift in Sources */ = {isa = PBXBuildFile; fileRef = 403B5D16C18AFBBBCA8F5490 /* SizeReader.swift */; };
		3A65B24F32C8574F481943BD /* PagerIndicator.swift in Resources */ = {isa = PBXBuildFile; fileRef = FA64808EFAE415D9E5C61992 /* PagerIndicator.swift */; };
		3A7FCF1FB1796E95D94AE5FB /* PreviewProvider.swift in Sources */ = {isa = PBXBuildFile; fileRef = 255B574E94D3B1BAA2680EC9 /* PreviewProvider.swift */; };
		3C0D624D99D3B72654E62215 /* NanumSquareNeo-dEb.ttf in Resources */ = {isa = PBXBuildFile; fileRef = 0B4FF345E7E72DB2E337C126 /* NanumSquareNeo-dEb.ttf */; };
		3C9540D5E6A7DC4A89296E90 /* SignUPViewModel.swift in Resources */ = {isa = PBXBuildFile; fileRef = 4D98E37EA0A9A0F542825538 /* SignUPViewModel.swift */; };
		3D6104671BDBB569AA9E28B8 /* MainTabView.swift in Sources */ = {isa = PBXBuildFile; fileRef = 4CFF74427B3B3825C0500EAB /* MainTabView.swift */; };
		3E0E32010C9BCA32BC19EE41 /* ShoesDetailModel.swift in Resources */ = {isa = PBXBuildFile; fileRef = 5A5D4B5CC7A5ACF9A2748458 /* ShoesDetailModel.swift */; };
		3E33169C0022900AD9E6A163 /* NanumSquareNeo-eHv.ttf in Resources */ = {isa = PBXBuildFile; fileRef = 4FD700CD925CA3B4C4380712 /* NanumSquareNeo-eHv.ttf */; };
		3FA3D377DA1F33F77BBDFD0A /* ProductView.swift in Sources */ = {isa = PBXBuildFile; fileRef = ED61AAC636187ABAF45FB1D1 /* ProductView.swift */; };
		40ACF23D4DF4DBBC838E0660 /* MainShoesViewModel.swift in Resources */ = {isa = PBXBuildFile; fileRef = 1D42C720BD3CF0BDC99C1E50 /* MainShoesViewModel.swift */; };
		410986EB9F44ABBB19D34F85 /* LoginView.swift in Resources */ = {isa = PBXBuildFile; fileRef = 18E0E4D5F646CD86977A3CAB /* LoginView.swift */; };
		415C5096C7D6627AFC4D488E /* LottieView.swift in Resources */ = {isa = PBXBuildFile; fileRef = 122EACC416FD92EE7CF88011 /* LottieView.swift */; };
		42D2F5C9442C73A4ACB3CCF6 /* MarketAppApp.swift in Resources */ = {isa = PBXBuildFile; fileRef = 5B4430ACB1948557D37785A5 /* MarketAppApp.swift */; };
		43F7E30C9604E489934A6C32 /* SignUPViewModel.swift in Sources */ = {isa = PBXBuildFile; fileRef = 4D98E37EA0A9A0F542825538 /* SignUPViewModel.swift */; };
		451A1DFBBE8E83B968D9F80C /* AppLifeCycleModifier.swift in Resources */ = {isa = PBXBuildFile; fileRef = A3B810C73E109D6EF8C4A956 /* AppLifeCycleModifier.swift */; };
		48F0952023DDCC4C5895CE01 /* ImageUploader.swift in Sources */ = {isa = PBXBuildFile; fileRef = E89E26E9B267CF594AF8D791 /* ImageUploader.swift */; };
		499297BA50AA0BD4F008F671 /* MainDetailService.swift in Sources */ = {isa = PBXBuildFile; fileRef = CA5C26DA957A00AD21C5C4AD /* MainDetailService.swift */; };
		4B0A4363C7F0AE0BD26A0CF4 /* ProfileViewModel.swift in Resources */ = {isa = PBXBuildFile; fileRef = CCBDF2994C719D5B832105B3 /* ProfileViewModel.swift */; };
		4B7E31B2DEA56D32E53B436E /* ListtLoginView.swift in Sources */ = {isa = PBXBuildFile; fileRef = 3C9F66761389394DA8E5B0FE /* ListtLoginView.swift */; };
		4BFEFCD0BF1B6309268345DA /* FavoriteView.swift in Sources */ = {isa = PBXBuildFile; fileRef = 054D5B82F404F6CD1D23A4C7 /* FavoriteView.swift */; };
		4CE5D02EDF14F58EBCC954C8 /* PopView.swift in Sources */ = {isa = PBXBuildFile; fileRef = E4A03756E6DBECAB4C6CC2E7 /* PopView.swift */; };
		4EA34881F0A7A6D21A62172C /* SignOutPOPUPView.swift in Sources */ = {isa = PBXBuildFile; fileRef = 364D857B23BBBA71B149D777 /* SignOutPOPUPView.swift */; };
		5273A0B8D99062EFAA8787EE /* AppDelegate.swift in Resources */ = {isa = PBXBuildFile; fileRef = 49FCB6F92BE0549B7750C6E2 /* AppDelegate.swift */; };
		545E2E5D63AA4013579EE711 /* UIApplication.swift in Resources */ = {isa = PBXBuildFile; fileRef = AA81FE8F2D83DB8B008B8868 /* UIApplication.swift */; };
		5552863B05030DDA04024F3F /* KeyboardHandler.swift in Resources */ = {isa = PBXBuildFile; fileRef = 5481539840591AA3423EAD6B /* KeyboardHandler.swift */; };
		57AA3D5A7249E1A868441E3C /* AppDelegate.swift in Sources */ = {isa = PBXBuildFile; fileRef = 49FCB6F92BE0549B7750C6E2 /* AppDelegate.swift */; };
		5806EB372D0D6FE4EF8D4CB7 /* CartView.swift in Sources */ = {isa = PBXBuildFile; fileRef = 9A957DACC21516F1D0BF2294 /* CartView.swift */; };
		58714EEDFB8B4B5A4D81EAE8 /* BrandType.swift in Resources */ = {isa = PBXBuildFile; fileRef = 8182B025F7FC8DA04A885C92 /* BrandType.swift */; };
		5B6FC21FAE4039E60691C690 /* MarketAppUITestsLaunchTests.swift in Sources */ = {isa = PBXBuildFile; fileRef = 3083FCBCFD51B7F0A604E9AF /* MarketAppUITestsLaunchTests.swift */; };
		5CED769ABBB7653B985B1EC6 /* WebView.swift in Sources */ = {isa = PBXBuildFile; fileRef = 434B01CB54920866CCC43C96 /* WebView.swift */; };
		623F8BC0ADCCDCA98AE42E8C /* AppleLoginManger.swift in Resources */ = {isa = PBXBuildFile; fileRef = C3EFD71CA92F799B94B0F644 /* AppleLoginManger.swift */; };
		63789D1880CB351D6C0B597F /* MainVIewModelTests.swift in Sources */ = {isa = PBXBuildFile; fileRef = D547776EC60AE13CF9DBEFBA /* MainVIewModelTests.swift */; };
		639F881533078891481C7140 /* SignupPOPUPVIew.swift in Sources */ = {isa = PBXBuildFile; fileRef = 86697C102B5B65BD01056721 /* SignupPOPUPVIew.swift */; };
		6544BB4AEF961794CA58001B /* ColorAsset.swift in Resources */ = {isa = PBXBuildFile; fileRef = 4F97435BEDC3FC5EC56A8A35 /* ColorAsset.swift */; };
		657BB5321F97286511C66D4F /* SearchRowListView.swift in Sources */ = {isa = PBXBuildFile; fileRef = AE3ECAB156F37979C92D2A68 /* SearchRowListView.swift */; };
		67472A46490AB436E86DBB30 /* View+ReceiveTimer.swift in Sources */ = {isa = PBXBuildFile; fileRef = 9BBFD17A35CF36ED53A50FD3 /* View+ReceiveTimer.swift */; };
		68710C558368C2D0A5E2EBCB /* HomeViewNavigaionItem.swift in Sources */ = {isa = PBXBuildFile; fileRef = 5CA2E2D323BADE48A800546A /* HomeViewNavigaionItem.swift */; };
		6A826346CCEDCE860BB2313B /* ImagePicker.swift in Resources */ = {isa = PBXBuildFile; fileRef = C8654E809847B9008DD55D7B /* ImagePicker.swift */; };
		6B036FA036BC34ADE9829475 /* ListtLoginView.swift in Resources */ = {isa = PBXBuildFile; fileRef = 3C9F66761389394DA8E5B0FE /* ListtLoginView.swift */; };
		6B191496E5917864A35A0E64 /* ProdductListView.swift in Sources */ = {isa = PBXBuildFile; fileRef = 0FCFB1701F67B98836A0A135 /* ProdductListView.swift */; };
		6BDC3C2B1E89B605A39A468D /* MainShoesService.swift in Resources */ = {isa = PBXBuildFile; fileRef = 985B9059660E94976070855D /* MainShoesService.swift */; };
		6C0835F65165FA57F505BB6D /* ACarouselAutoScroll.swift in Sources */ = {isa = PBXBuildFile; fileRef = 6B8DD16003085CD6BB33DC3C /* ACarouselAutoScroll.swift */; };
		6F7BBDE5735E4FBB7F822B9C /* Demo.swift in Sources */ = {isa = PBXBuildFile; fileRef = F69D83DA06BF8A571EDD998C /* Demo.swift */; };
		6FA0609A7CDABF30FF008493 /* FindEmailView.swift in Sources */ = {isa = PBXBuildFile; fileRef = 8F7702D2AD2920C0BC8DD44F /* FindEmailView.swift */; };
		746386384384154FC266715F /* NanumSquareNeo.swift in Resources */ = {isa = PBXBuildFile; fileRef = 33EEA1942A23B164DB7CBEDD /* NanumSquareNeo.swift */; };
		76C71EE1256BF96109A3FBBB /* AffinityAPI-Main.swift in Sources */ = {isa = PBXBuildFile; fileRef = FFED2D9F45B329DEC0F43396 /* AffinityAPI-Main.swift */; };
		783C0C8F569D88CCD2240FD4 /* DetailImageView.swift in Resources */ = {isa = PBXBuildFile; fileRef = 77A44FEA1E206B939F3E834E /* DetailImageView.swift */; };
		7BCBADAD6078F5C2DC8744B3 /* PreviewProvider.swift in Resources */ = {isa = PBXBuildFile; fileRef = 255B574E94D3B1BAA2680EC9 /* PreviewProvider.swift */; };
		7E26651B9FC2F230D498D553 /* ScreenSize.swift in Sources */ = {isa = PBXBuildFile; fileRef = 781DCBCD6FA169840F1C028A /* ScreenSize.swift */; };
		7F18914D8E653A26960ACE50 /* TuistAssets+MarketApp.swift in Sources */ = {isa = PBXBuildFile; fileRef = 957968A9DED2858C025A338A /* TuistAssets+MarketApp.swift */; };
		858C9D34457E63A56D8D92EF /* View+ReceiveTimer.swift in Resources */ = {isa = PBXBuildFile; fileRef = 9BBFD17A35CF36ED53A50FD3 /* View+ReceiveTimer.swift */; };
		858DE00F9D316DAC27DE7501 /* AppleLoginManger.swift in Sources */ = {isa = PBXBuildFile; fileRef = C3EFD71CA92F799B94B0F644 /* AppleLoginManger.swift */; };
		86867D054EB0A75334AF01F7 /* SignUPTextFieldView.swift in Sources */ = {isa = PBXBuildFile; fileRef = 80D05FE2DF6DB1AA0DAF0146 /* SignUPTextFieldView.swift */; };
		882155A702EED31BAA47D64C /* LottieLoadingView.swift in Resources */ = {isa = PBXBuildFile; fileRef = EC1C6EA2AC170CF1DE841F7A /* LottieLoadingView.swift */; };
		89A7465B7ED839AA61B14D61 /* ACarousel.swift in Resources */ = {isa = PBXBuildFile; fileRef = 0028770F3BB2139C4F65D127 /* ACarousel.swift */; };
		8AB698AC1D54748F1A896915 /* CommunityView.swift in Sources */ = {isa = PBXBuildFile; fileRef = E43397D681BACC21037DFC72 /* CommunityView.swift */; };
		8ABFCC9E71C975CBBC6DA684 /* SearchRowListView.swift in Resources */ = {isa = PBXBuildFile; fileRef = AE3ECAB156F37979C92D2A68 /* SearchRowListView.swift */; };
		8C92BCCD627F09FDDA14104E /* LottieView.swift in Sources */ = {isa = PBXBuildFile; fileRef = 122EACC416FD92EE7CF88011 /* LottieView.swift */; };
		90A1B63EC2EED80A9F45AC84 /* SearchBar.swift in Resources */ = {isa = PBXBuildFile; fileRef = 966E6C4D062FE36ED1389E7E /* SearchBar.swift */; };
		9138D1DFAC8075FBCBE15480 /* TuistFonts+MarketApp.swift in Sources */ = {isa = PBXBuildFile; fileRef = 6E80F0CAB8F59CED4D23D05D /* TuistFonts+MarketApp.swift */; };
		9143E1D8FF20BD4C5EEE4D6F /* OverlayView.swift in Resources */ = {isa = PBXBuildFile; fileRef = 392F45893B3478583CAD5941 /* OverlayView.swift */; };
		930CD64E8E23975D48444210 /* WebView.swift in Resources */ = {isa = PBXBuildFile; fileRef = 434B01CB54920866CCC43C96 /* WebView.swift */; };
		939FDF4AD20A38695ABE6930 /* ACarouselViewModel.swift in Resources */ = {isa = PBXBuildFile; fileRef = 8E49E7FAE794A4B9F595C8B7 /* ACarouselViewModel.swift */; };
		9408273CD598987322152226 /* ShoesModel.swift in Sources */ = {isa = PBXBuildFile; fileRef = 6091C4499AE085E2881E8034 /* ShoesModel.swift */; };
		94D5CEAAEC72AE0766F036AA /* SignManger.swift in Resources */ = {isa = PBXBuildFile; fileRef = 61748B0AF0B62637F489864D /* SignManger.swift */; };
		95FE346A775B4D41E94049B9 /* ACarouselAutoScroll.swift in Resources */ = {isa = PBXBuildFile; fileRef = 6B8DD16003085CD6BB33DC3C /* ACarouselAutoScroll.swift */; };
		985DDAEEE6890F1944B8B9D2 /* InfoViewModel.swift in Resources */ = {isa = PBXBuildFile; fileRef = 76AA962D4EBA334F5EC56565 /* InfoViewModel.swift */; };
		9B62BF890790F4B66E385467 /* PagerIndicator.swift in Sources */ = {isa = PBXBuildFile; fileRef = FA64808EFAE415D9E5C61992 /* PagerIndicator.swift */; };
		9B926C77BFB5BC467F4678FC /* ProfileSettingType.swift in Resources */ = {isa = PBXBuildFile; fileRef = 4C53F786D5655D186D2095B4 /* ProfileSettingType.swift */; };
		9C3C67BAEED4A05D8E64BDCF /* SignUPView.swift in Resources */ = {isa = PBXBuildFile; fileRef = DE8DE5E79EFB341D9117B444 /* SignUPView.swift */; };
		9C42B0AABC42441F65EFD6CC /* APIError.swift in Sources */ = {isa = PBXBuildFile; fileRef = 0B10212912C4A313226C9FFD /* APIError.swift */; };
		9CAC8A8DF4CE4F73F6E763C1 /* AffinityAPI-Main.swift in Resources */ = {isa = PBXBuildFile; fileRef = FFED2D9F45B329DEC0F43396 /* AffinityAPI-Main.swift */; };
		9E7A40E427C97095A98D0FF0 /* ShareView.swift in Sources */ = {isa = PBXBuildFile; fileRef = 6C2D9A1DAC2D8581DF568A39 /* ShareView.swift */; };
		9EA36EAAA875FDBBDA019C70 /* withDrawPOPUPView.swift in Sources */ = {isa = PBXBuildFile; fileRef = B51CE0114C2295E7C844C8E6 /* withDrawPOPUPView.swift */; };
		A268D6FE1B2A1A6F83D3867B /* ProfileNickNameView.swift in Resources */ = {isa = PBXBuildFile; fileRef = 04F3E93E240D72E75D5F1CCC /* ProfileNickNameView.swift */; };
		A305BEE6F36F1A9926E86554 /* ScreenSize.swift in Resources */ = {isa = PBXBuildFile; fileRef = 781DCBCD6FA169840F1C028A /* ScreenSize.swift */; };
		A3DCB609E0BB6DB361651E0E /* FindPasswordView.swift in Resources */ = {isa = PBXBuildFile; fileRef = BA8682E2ABADFF9944B15C16 /* FindPasswordView.swift */; };
		A5826774CF8A5C06F062C9D4 /* SearchView.swift in Sources */ = {isa = PBXBuildFile; fileRef = 06E8904E3DF7A8AC31EA4FFC /* SearchView.swift */; };
		A7A5D18D1986FDF295D9EB9E /* UIApplication.swift in Sources */ = {isa = PBXBuildFile; fileRef = AA81FE8F2D83DB8B008B8868 /* UIApplication.swift */; };
		A9308AC5F61405D097E12B44 /* ProfileLogoutType.swift in Resources */ = {isa = PBXBuildFile; fileRef = 93C8EF970C84CE0F649F7EF8 /* ProfileLogoutType.swift */; };
		A95ED774C0B81AB431CF1649 /* ConfirmAlertView.swift in Sources */ = {isa = PBXBuildFile; fileRef = 38C66CC8CE29C4D15055D3E9 /* ConfirmAlertView.swift */; };
		AACC5B2CBC4CC4CC6CCF80AD /* ProductInfoImage.swift in Sources */ = {isa = PBXBuildFile; fileRef = 80F1E2ECA40FCC554EA188F6 /* ProductInfoImage.swift */; };
		ABBCB68F31D29475D484D389 /* ProfileSettingType.swift in Sources */ = {isa = PBXBuildFile; fileRef = 4C53F786D5655D186D2095B4 /* ProfileSettingType.swift */; };
		AD619D5EE8C663177534AB7B /* ScrollViewModifier.swift in Sources */ = {isa = PBXBuildFile; fileRef = CD00B99BFD59A7D63733FF0B /* ScrollViewModifier.swift */; };
		AE43F35211F588BF4043E836 /* ReviewView.swift in Sources */ = {isa = PBXBuildFile; fileRef = 3F6EBC4AB38F1C5A4170B073 /* ReviewView.swift */; };
		AE8237FFB86FA456BBDDB195 /* InfoViewModel.swift in Sources */ = {isa = PBXBuildFile; fileRef = 76AA962D4EBA334F5EC56565 /* InfoViewModel.swift */; };
		B010BD8A76F0A9A97249E831 /* CommunityView.swift in Resources */ = {isa = PBXBuildFile; fileRef = E43397D681BACC21037DFC72 /* CommunityView.swift */; };
		B0613F5B23F43D56ADC8B086 /* CustomInputField.swift in Resources */ = {isa = PBXBuildFile; fileRef = 77D489412D4E34169FAB7790 /* CustomInputField.swift */; };
		B23821F6C558FD9B5716BD3B /* SearchBar.swift in Sources */ = {isa = PBXBuildFile; fileRef = 966E6C4D062FE36ED1389E7E /* SearchBar.swift */; };
		B4A5C44AF7E84CB0A00A96F8 /* ModalShapeCorner.swift in Resources */ = {isa = PBXBuildFile; fileRef = 416F9D6718A5305ADC1D0587 /* ModalShapeCorner.swift */; };
		B5744A78DC5E14817C3849F5 /* ImageUploader.swift in Resources */ = {isa = PBXBuildFile; fileRef = E89E26E9B267CF594AF8D791 /* ImageUploader.swift */; };
		B5C3927B814F8D271D15F9AE /* Size.swift in Resources */ = {isa = PBXBuildFile; fileRef = 0787AD01214A1BB3468C5B0A /* Size.swift */; };
		B65C3682A4CDCA3790D3E783 /* FontColor.swift in Sources */ = {isa = PBXBuildFile; fileRef = 6D08256C0CC3DB9B3709374E /* FontColor.swift */; };
		B69FDDBF449CE5D9B7628345 /* SignupPOPUPVIew.swift in Resources */ = {isa = PBXBuildFile; fileRef = 86697C102B5B65BD01056721 /* SignupPOPUPVIew.swift */; };
		B794615267EE65E591FD8AEB /* AppManger.swift in Resources */ = {isa = PBXBuildFile; fileRef = 8900AE2E921F2ED7E9FE8BC5 /* AppManger.swift */; };
		B94DB105C409DD1FA035C5BC /* Loading.json in Resources */ = {isa = PBXBuildFile; fileRef = D828C404974D85E79C654FAE /* Loading.json */; };
		B97FD81FBE453A19AC8F2810 /* NaviagationSearchView.swift in Resources */ = {isa = PBXBuildFile; fileRef = 789B81997B8775BC1B13F1C9 /* NaviagationSearchView.swift */; };
		BCAF50B99721352E5A68532F /* Assets.xcassets in Resources */ = {isa = PBXBuildFile; fileRef = B1775EF14B2A78AF48172B2F /* Assets.xcassets */; };
		BDBD3F58F37C56D3825AD89E /* KeyboardHandler.swift in Sources */ = {isa = PBXBuildFile; fileRef = 5481539840591AA3423EAD6B /* KeyboardHandler.swift */; };
		BFDA528A0E549BFD042B84E2 /* TuistPlists+MarketApp.swift in Sources */ = {isa = PBXBuildFile; fileRef = 8A235B86CE3D253C375BE505 /* TuistPlists+MarketApp.swift */; };
		C04D0BD278D1849DE4226DB1 /* EditImageModifier.swift in Resources */ = {isa = PBXBuildFile; fileRef = F4A4E519C38FFFA3C2D2F832 /* EditImageModifier.swift */; };
		C0A08081A5220110EECD97C5 /* ProdductListView.swift in Resources */ = {isa = PBXBuildFile; fileRef = 0FCFB1701F67B98836A0A135 /* ProdductListView.swift */; };
		C0C000B28817406D56E54511 /* ProfileViewModel.swift in Sources */ = {isa = PBXBuildFile; fileRef = CCBDF2994C719D5B832105B3 /* ProfileViewModel.swift */; };
		C11B52E5EBB6CC52E7D89C00 /* GoogleService-Info.plist in Resources */ = {isa = PBXBuildFile; fileRef = 36D19C512FD32C756FF7F232 /* GoogleService-Info.plist */; };
		C21D0BEC8D2BC481324BEB1C /* LanuchView.swift in Sources */ = {isa = PBXBuildFile; fileRef = 2D2A09277FFCD7D26F5830C9 /* LanuchView.swift */; };
		C8899D531BDDF72F2FC0403D /* ProductView.swift in Resources */ = {isa = PBXBuildFile; fileRef = ED61AAC636187ABAF45FB1D1 /* ProductView.swift */; };
		CA9A4E873AED9CE6A1DCE820 /* LanuchView.swift in Resources */ = {isa = PBXBuildFile; fileRef = 2D2A09277FFCD7D26F5830C9 /* LanuchView.swift */; };
		CBF9404E2B6EF1DB64345BBF /* ImagePicker.swift in Sources */ = {isa = PBXBuildFile; fileRef = C8654E809847B9008DD55D7B /* ImagePicker.swift */; };
		CBFBE9D9933CE82E4F7F4F73 /* AffinityAppCheck.swift in Resources */ = {isa = PBXBuildFile; fileRef = A2BA0187687551892299B357 /* AffinityAppCheck.swift */; };
		CC298A91652F9C75D955EAE8 /* ProfileView.swift in Resources */ = {isa = PBXBuildFile; fileRef = 303D38B28FCC2513A0AF37C4 /* ProfileView.swift */; };
		CD496B1F08B32DE70C6C7ED5 /* Demo.swift in Resources */ = {isa = PBXBuildFile; fileRef = F69D83DA06BF8A571EDD998C /* Demo.swift */; };
		D14A53A644B8880565905891 /* SearchView.swift in Resources */ = {isa = PBXBuildFile; fileRef = 06E8904E3DF7A8AC31EA4FFC /* SearchView.swift */; };
		D1C5F41E88FE8A781C283F36 /* HomeViewNavigaionItem.swift in Resources */ = {isa = PBXBuildFile; fileRef = 5CA2E2D323BADE48A800546A /* HomeViewNavigaionItem.swift */; };
		D25F8F31F53B4B110F1923D3 /* DetailImageView.swift in Sources */ = {isa = PBXBuildFile; fileRef = 77A44FEA1E206B939F3E834E /* DetailImageView.swift */; };
		D336E1699981F583B52E97B2 /* SignOutPOPUPView.swift in Resources */ = {isa = PBXBuildFile; fileRef = 364D857B23BBBA71B149D777 /* SignOutPOPUPView.swift */; };
		D36DE08019BCA55DFF170849 /* ProfileLogoutType.swift in Sources */ = {isa = PBXBuildFile; fileRef = 93C8EF970C84CE0F649F7EF8 /* ProfileLogoutType.swift */; };
		D398837557A82B18B50E654F /* CheckRegister.swift in Sources */ = {isa = PBXBuildFile; fileRef = 38905D82DF51BD7F38E6D984 /* CheckRegister.swift */; };
		D3C91207CC01747B6BE5A7C7 /* TuistBundle+MarketApp.swift in Sources */ = {isa = PBXBuildFile; fileRef = F00BA8ED3EDDFFD25E615ED0 /* TuistBundle+MarketApp.swift */; };
		D4B086089450B9D94ED53EA0 /* SignUPNickNameView.swift in Sources */ = {isa = PBXBuildFile; fileRef = 9654E630732FBAE3D5D3E09E /* SignUPNickNameView.swift */; };
		D4B85F973C6DCD7185D2BC60 /* LottieLoadingView.swift in Sources */ = {isa = PBXBuildFile; fileRef = EC1C6EA2AC170CF1DE841F7A /* LottieLoadingView.swift */; };
		D6699BEBE180EBD177CE0C5A /* POPUPViews.swift in Resources */ = {isa = PBXBuildFile; fileRef = 04FDD84FEECDC7DE884DB213 /* POPUPViews.swift */; };
		D683571E328F838C3E805756 /* FavoriteView.swift in Resources */ = {isa = PBXBuildFile; fileRef = 054D5B82F404F6CD1D23A4C7 /* FavoriteView.swift */; };
		D8D26AAE5D7F71B59F1BE597 /* PopView.swift in Resources */ = {isa = PBXBuildFile; fileRef = E4A03756E6DBECAB4C6CC2E7 /* PopView.swift */; };
		D9E58BFE06FDFE920DF3A83F /* POPUPViews.swift in Sources */ = {isa = PBXBuildFile; fileRef = 04FDD84FEECDC7DE884DB213 /* POPUPViews.swift */; };
		DB5B002359FB28969CB34411 /* NanumSquareNeo-aLt.ttf in Resources */ = {isa = PBXBuildFile; fileRef = 2B770770380D90EC96FFD475 /* NanumSquareNeo-aLt.ttf */; };
		DC4DFD5B31400496EA356064 /* BannerImages.swift in Resources */ = {isa = PBXBuildFile; fileRef = 156E6E5C37B5AD84D83840C0 /* BannerImages.swift */; };
		DD083B1852F908E26D692C2E /* LoginView.swift in Sources */ = {isa = PBXBuildFile; fileRef = 18E0E4D5F646CD86977A3CAB /* LoginView.swift */; };
		DD6EE052DEA2C8D73D76CA42 /* ProductInfoImage.swift in Resources */ = {isa = PBXBuildFile; fileRef = 80F1E2ECA40FCC554EA188F6 /* ProductInfoImage.swift */; };
		E08C50A6D604FC77BB499310 /* SignUPTextFieldView.swift in Resources */ = {isa = PBXBuildFile; fileRef = 80D05FE2DF6DB1AA0DAF0146 /* SignUPTextFieldView.swift */; };
		E186C60B23BDC79CD7F3C4BD /* AppManger.swift in Sources */ = {isa = PBXBuildFile; fileRef = 8900AE2E921F2ED7E9FE8BC5 /* AppManger.swift */; };
		E266647DBBE135D5A7962002 /* SignManger.swift in Sources */ = {isa = PBXBuildFile; fileRef = 61748B0AF0B62637F489864D /* SignManger.swift */; };
		E59CD02EA9EAE7E684644923 /* ConfirmAlertView.swift in Resources */ = {isa = PBXBuildFile; fileRef = 38C66CC8CE29C4D15055D3E9 /* ConfirmAlertView.swift */; };
		E686695B176EA20918F62B3C /* ReviewView.swift in Resources */ = {isa = PBXBuildFile; fileRef = 3F6EBC4AB38F1C5A4170B073 /* ReviewView.swift */; };
		E699DAEF9A5AED1261F78B86 /* BannerImages.swift in Sources */ = {isa = PBXBuildFile; fileRef = 156E6E5C37B5AD84D83840C0 /* BannerImages.swift */; };
		E6DC4557E42AAD21F56D169E /* MarketAppUITests.swift in Sources */ = {isa = PBXBuildFile; fileRef = 50B115CD8B7F75FC035E5475 /* MarketAppUITests.swift */; };
		E8C1D24C38B502F35BB40FBF /* CustomInputField.swift in Sources */ = {isa = PBXBuildFile; fileRef = 77D489412D4E34169FAB7790 /* CustomInputField.swift */; };
		EA8288DED35015D746154496 /* Preview Assets.xcassets in Resources */ = {isa = PBXBuildFile; fileRef = C87EC641EE25C66C3AD897A2 /* Preview Assets.xcassets */; };
		EAF825B99D87982D9E024833 /* NanumSquareNeo-cBd.ttf in Resources */ = {isa = PBXBuildFile; fileRef = 34AB6A9D5E4A7B6AA7373C22 /* NanumSquareNeo-cBd.ttf */; };
		ED2BD9F57DFBAE59A4BCDF44 /* ACarousel.swift in Sources */ = {isa = PBXBuildFile; fileRef = 0028770F3BB2139C4F65D127 /* ACarousel.swift */; };
		ED6325E16737E6DC2B9A1D2E /* CartView.swift in Resources */ = {isa = PBXBuildFile; fileRef = 9A957DACC21516F1D0BF2294 /* CartView.swift */; };
		EFCD3A1875A8D4D9F9E5D3B0 /* CheckRegister.swift in Resources */ = {isa = PBXBuildFile; fileRef = 38905D82DF51BD7F38E6D984 /* CheckRegister.swift */; };
		F0A8E26172704DB6F04B8809 /* DotIndicator.swift in Resources */ = {isa = PBXBuildFile; fileRef = 24264162CB9DB6300F0CA71F /* DotIndicator.swift */; };
		F2709C0EC87C45396B8F346A /* LoginItem.swift in Sources */ = {isa = PBXBuildFile; fileRef = 0C7011CDCC27E6C21A44B247 /* LoginItem.swift */; };
		F383B318A2B69127A5D93455 /* mockData.json in Resources */ = {isa = PBXBuildFile; fileRef = 653861CA00DEE97848A997E5 /* mockData.json */; };
		F67514FAB1FCE012E0F3B859 /* DotIndicator.swift in Sources */ = {isa = PBXBuildFile; fileRef = 24264162CB9DB6300F0CA71F /* DotIndicator.swift */; };
		F8197569B331A9836AEDF99C /* Size.swift in Sources */ = {isa = PBXBuildFile; fileRef = 0787AD01214A1BB3468C5B0A /* Size.swift */; };
		F9FFCED79159A9F79D4B4CBB /* HomeView.swift in Sources */ = {isa = PBXBuildFile; fileRef = 457E8C49F3003074AC96FDCE /* HomeView.swift */; };
		FB53690D3A6A7E204FFBA41A /* MainShoesService.swift in Sources */ = {isa = PBXBuildFile; fileRef = 985B9059660E94976070855D /* MainShoesService.swift */; };
		FB5928FF9F234C2B8F6A7066 /* WebViews.swift in Resources */ = {isa = PBXBuildFile; fileRef = CC9AFA1CE28E4EF0FFEE42CC /* WebViews.swift */; };
		FD14539E20007428D8624C23 /* NanumSquareNeo.swift in Sources */ = {isa = PBXBuildFile; fileRef = 33EEA1942A23B164DB7CBEDD /* NanumSquareNeo.swift */; };
		FD5ADF9BE25F1C0AFD79A77C /* NotiView.swift in Resources */ = {isa = PBXBuildFile; fileRef = A2501E08F5DAEAB869375DE7 /* NotiView.swift */; };
		FFB91B2E1A1B0EF9647A8702 /* HomeView.swift in Resources */ = {isa = PBXBuildFile; fileRef = 457E8C49F3003074AC96FDCE /* HomeView.swift */; };
/* End PBXBuildFile section */

/* Begin PBXContainerItemProxy section */
		7FB6BE6C29E035A1009EF0D6 /* PBXContainerItemProxy */ = {
			isa = PBXContainerItemProxy;
			containerPortal = CA2E66B4E926C2E5E2FAC9EB /* Project object */;
			proxyType = 1;
			remoteGlobalIDString = 50FC1488A2BEDD4CBE8F8595;
			remoteInfo = MarketApp;
		};
		7FB6BE6E29E035A4009EF0D6 /* PBXContainerItemProxy */ = {
			isa = PBXContainerItemProxy;
			containerPortal = CA2E66B4E926C2E5E2FAC9EB /* Project object */;
			proxyType = 1;
			remoteGlobalIDString = 50FC1488A2BEDD4CBE8F8595;
			remoteInfo = MarketApp;
		};
/* End PBXContainerItemProxy section */

/* Begin PBXCopyFilesBuildPhase section */
		0CE6A8B6F26DA9D55277E8FB /* Embed Frameworks */ = {
			isa = PBXCopyFilesBuildPhase;
			buildActionMask = 2147483647;
			dstPath = "";
			dstSubfolderSpec = 10;
			files = (
			);
			name = "Embed Frameworks";
			runOnlyForDeploymentPostprocessing = 0;
		};
		51DD62DF0EE020824E192A71 /* Embed Frameworks */ = {
			isa = PBXCopyFilesBuildPhase;
			buildActionMask = 2147483647;
			dstPath = "";
			dstSubfolderSpec = 10;
			files = (
			);
			name = "Embed Frameworks";
			runOnlyForDeploymentPostprocessing = 0;
		};
		90B107E029FEDEEA252FE91F /* Embed Frameworks */ = {
			isa = PBXCopyFilesBuildPhase;
			buildActionMask = 2147483647;
			dstPath = "";
			dstSubfolderSpec = 10;
			files = (
			);
			name = "Embed Frameworks";
			runOnlyForDeploymentPostprocessing = 0;
		};
/* End PBXCopyFilesBuildPhase section */

/* Begin PBXFileReference section */
		0028770F3BB2139C4F65D127 /* ACarousel.swift */ = {isa = PBXFileReference; lastKnownFileType = sourcecode.swift; path = ACarousel.swift; sourceTree = "<group>"; };
		04F3E93E240D72E75D5F1CCC /* ProfileNickNameView.swift */ = {isa = PBXFileReference; lastKnownFileType = sourcecode.swift; path = ProfileNickNameView.swift; sourceTree = "<group>"; };
		04FDD84FEECDC7DE884DB213 /* POPUPViews.swift */ = {isa = PBXFileReference; lastKnownFileType = sourcecode.swift; path = POPUPViews.swift; sourceTree = "<group>"; };
		054D5B82F404F6CD1D23A4C7 /* FavoriteView.swift */ = {isa = PBXFileReference; lastKnownFileType = sourcecode.swift; path = FavoriteView.swift; sourceTree = "<group>"; };
		06E8904E3DF7A8AC31EA4FFC /* SearchView.swift */ = {isa = PBXFileReference; lastKnownFileType = sourcecode.swift; path = SearchView.swift; sourceTree = "<group>"; };
		0787AD01214A1BB3468C5B0A /* Size.swift */ = {isa = PBXFileReference; lastKnownFileType = sourcecode.swift; path = Size.swift; sourceTree = "<group>"; };
		0B10212912C4A313226C9FFD /* APIError.swift */ = {isa = PBXFileReference; lastKnownFileType = sourcecode.swift; path = APIError.swift; sourceTree = "<group>"; };
		0B4FF345E7E72DB2E337C126 /* NanumSquareNeo-dEb.ttf */ = {isa = PBXFileReference; lastKnownFileType = file; path = "NanumSquareNeo-dEb.ttf"; sourceTree = "<group>"; };
		0C7011CDCC27E6C21A44B247 /* LoginItem.swift */ = {isa = PBXFileReference; lastKnownFileType = sourcecode.swift; path = LoginItem.swift; sourceTree = "<group>"; };
		0FCFB1701F67B98836A0A135 /* ProdductListView.swift */ = {isa = PBXFileReference; lastKnownFileType = sourcecode.swift; path = ProdductListView.swift; sourceTree = "<group>"; };
		122EACC416FD92EE7CF88011 /* LottieView.swift */ = {isa = PBXFileReference; lastKnownFileType = sourcecode.swift; path = LottieView.swift; sourceTree = "<group>"; };
		156E6E5C37B5AD84D83840C0 /* BannerImages.swift */ = {isa = PBXFileReference; lastKnownFileType = sourcecode.swift; path = BannerImages.swift; sourceTree = "<group>"; };
		18E0E4D5F646CD86977A3CAB /* LoginView.swift */ = {isa = PBXFileReference; lastKnownFileType = sourcecode.swift; path = LoginView.swift; sourceTree = "<group>"; };
		1D42C720BD3CF0BDC99C1E50 /* MainShoesViewModel.swift */ = {isa = PBXFileReference; lastKnownFileType = sourcecode.swift; path = MainShoesViewModel.swift; sourceTree = "<group>"; };
		24264162CB9DB6300F0CA71F /* DotIndicator.swift */ = {isa = PBXFileReference; lastKnownFileType = sourcecode.swift; path = DotIndicator.swift; sourceTree = "<group>"; };
		255B574E94D3B1BAA2680EC9 /* PreviewProvider.swift */ = {isa = PBXFileReference; lastKnownFileType = sourcecode.swift; path = PreviewProvider.swift; sourceTree = "<group>"; };
		2B770770380D90EC96FFD475 /* NanumSquareNeo-aLt.ttf */ = {isa = PBXFileReference; lastKnownFileType = file; path = "NanumSquareNeo-aLt.ttf"; sourceTree = "<group>"; };
		2CDB99A9B732FC01EFCAED51 /* LoginViewModelTest.swift */ = {isa = PBXFileReference; lastKnownFileType = sourcecode.swift; path = LoginViewModelTest.swift; sourceTree = "<group>"; };
		2D2A09277FFCD7D26F5830C9 /* LanuchView.swift */ = {isa = PBXFileReference; lastKnownFileType = sourcecode.swift; path = LanuchView.swift; sourceTree = "<group>"; };
		303D38B28FCC2513A0AF37C4 /* ProfileView.swift */ = {isa = PBXFileReference; lastKnownFileType = sourcecode.swift; path = ProfileView.swift; sourceTree = "<group>"; };
		3083FCBCFD51B7F0A604E9AF /* MarketAppUITestsLaunchTests.swift */ = {isa = PBXFileReference; lastKnownFileType = sourcecode.swift; path = MarketAppUITestsLaunchTests.swift; sourceTree = "<group>"; };
		30F73F0BBA2C88D6153A2748 /* MarketAppUITests.xctest */ = {isa = PBXFileReference; explicitFileType = wrapper.cfbundle; includeInIndex = 0; path = MarketAppUITests.xctest; sourceTree = BUILT_PRODUCTS_DIR; };
		33EEA1942A23B164DB7CBEDD /* NanumSquareNeo.swift */ = {isa = PBXFileReference; lastKnownFileType = sourcecode.swift; path = NanumSquareNeo.swift; sourceTree = "<group>"; };
		34AB6A9D5E4A7B6AA7373C22 /* NanumSquareNeo-cBd.ttf */ = {isa = PBXFileReference; lastKnownFileType = file; path = "NanumSquareNeo-cBd.ttf"; sourceTree = "<group>"; };
		364D857B23BBBA71B149D777 /* SignOutPOPUPView.swift */ = {isa = PBXFileReference; lastKnownFileType = sourcecode.swift; path = SignOutPOPUPView.swift; sourceTree = "<group>"; };
		36D19C512FD32C756FF7F232 /* GoogleService-Info.plist */ = {isa = PBXFileReference; lastKnownFileType = text.plist; path = "GoogleService-Info.plist"; sourceTree = "<group>"; };
		38905D82DF51BD7F38E6D984 /* CheckRegister.swift */ = {isa = PBXFileReference; lastKnownFileType = sourcecode.swift; path = CheckRegister.swift; sourceTree = "<group>"; };
		38C66CC8CE29C4D15055D3E9 /* ConfirmAlertView.swift */ = {isa = PBXFileReference; lastKnownFileType = sourcecode.swift; path = ConfirmAlertView.swift; sourceTree = "<group>"; };
		392F45893B3478583CAD5941 /* OverlayView.swift */ = {isa = PBXFileReference; lastKnownFileType = sourcecode.swift; path = OverlayView.swift; sourceTree = "<group>"; };
		3C9F66761389394DA8E5B0FE /* ListtLoginView.swift */ = {isa = PBXFileReference; lastKnownFileType = sourcecode.swift; path = ListtLoginView.swift; sourceTree = "<group>"; };
		3D7FDC83A64D1295102B55C9 /* MarketApp.app */ = {isa = PBXFileReference; explicitFileType = wrapper.application; includeInIndex = 0; path = MarketApp.app; sourceTree = BUILT_PRODUCTS_DIR; };
		3F6EBC4AB38F1C5A4170B073 /* ReviewView.swift */ = {isa = PBXFileReference; lastKnownFileType = sourcecode.swift; path = ReviewView.swift; sourceTree = "<group>"; };
		403B5D16C18AFBBBCA8F5490 /* SizeReader.swift */ = {isa = PBXFileReference; lastKnownFileType = sourcecode.swift; path = SizeReader.swift; sourceTree = "<group>"; };
		416F9D6718A5305ADC1D0587 /* ModalShapeCorner.swift */ = {isa = PBXFileReference; lastKnownFileType = sourcecode.swift; path = ModalShapeCorner.swift; sourceTree = "<group>"; };
		434B01CB54920866CCC43C96 /* WebView.swift */ = {isa = PBXFileReference; lastKnownFileType = sourcecode.swift; path = WebView.swift; sourceTree = "<group>"; };
		457E8C49F3003074AC96FDCE /* HomeView.swift */ = {isa = PBXFileReference; lastKnownFileType = sourcecode.swift; path = HomeView.swift; sourceTree = "<group>"; };
		49FCB6F92BE0549B7750C6E2 /* AppDelegate.swift */ = {isa = PBXFileReference; lastKnownFileType = sourcecode.swift; path = AppDelegate.swift; sourceTree = "<group>"; };
		4C53F786D5655D186D2095B4 /* ProfileSettingType.swift */ = {isa = PBXFileReference; lastKnownFileType = sourcecode.swift; path = ProfileSettingType.swift; sourceTree = "<group>"; };
		4CFF74427B3B3825C0500EAB /* MainTabView.swift */ = {isa = PBXFileReference; lastKnownFileType = sourcecode.swift; path = MainTabView.swift; sourceTree = "<group>"; };
		4D98E37EA0A9A0F542825538 /* SignUPViewModel.swift */ = {isa = PBXFileReference; lastKnownFileType = sourcecode.swift; path = SignUPViewModel.swift; sourceTree = "<group>"; };
		4F97435BEDC3FC5EC56A8A35 /* ColorAsset.swift */ = {isa = PBXFileReference; lastKnownFileType = sourcecode.swift; path = ColorAsset.swift; sourceTree = "<group>"; };
		4FD700CD925CA3B4C4380712 /* NanumSquareNeo-eHv.ttf */ = {isa = PBXFileReference; lastKnownFileType = file; path = "NanumSquareNeo-eHv.ttf"; sourceTree = "<group>"; };
		50B115CD8B7F75FC035E5475 /* MarketAppUITests.swift */ = {isa = PBXFileReference; lastKnownFileType = sourcecode.swift; path = MarketAppUITests.swift; sourceTree = "<group>"; };
		5481539840591AA3423EAD6B /* KeyboardHandler.swift */ = {isa = PBXFileReference; lastKnownFileType = sourcecode.swift; path = KeyboardHandler.swift; sourceTree = "<group>"; };
		5A5D4B5CC7A5ACF9A2748458 /* ShoesDetailModel.swift */ = {isa = PBXFileReference; lastKnownFileType = sourcecode.swift; path = ShoesDetailModel.swift; sourceTree = "<group>"; };
		5B4430ACB1948557D37785A5 /* MarketAppApp.swift */ = {isa = PBXFileReference; lastKnownFileType = sourcecode.swift; path = MarketAppApp.swift; sourceTree = "<group>"; };
		5CA2E2D323BADE48A800546A /* HomeViewNavigaionItem.swift */ = {isa = PBXFileReference; lastKnownFileType = sourcecode.swift; path = HomeViewNavigaionItem.swift; sourceTree = "<group>"; };
		6091C4499AE085E2881E8034 /* ShoesModel.swift */ = {isa = PBXFileReference; lastKnownFileType = sourcecode.swift; path = ShoesModel.swift; sourceTree = "<group>"; };
		61748B0AF0B62637F489864D /* SignManger.swift */ = {isa = PBXFileReference; lastKnownFileType = sourcecode.swift; path = SignManger.swift; sourceTree = "<group>"; };
		653861CA00DEE97848A997E5 /* mockData.json */ = {isa = PBXFileReference; lastKnownFileType = text.json; path = mockData.json; sourceTree = "<group>"; };
		6B8DD16003085CD6BB33DC3C /* ACarouselAutoScroll.swift */ = {isa = PBXFileReference; lastKnownFileType = sourcecode.swift; path = ACarouselAutoScroll.swift; sourceTree = "<group>"; };
		6C2D9A1DAC2D8581DF568A39 /* ShareView.swift */ = {isa = PBXFileReference; lastKnownFileType = sourcecode.swift; path = ShareView.swift; sourceTree = "<group>"; };
		6D08256C0CC3DB9B3709374E /* FontColor.swift */ = {isa = PBXFileReference; lastKnownFileType = sourcecode.swift; path = FontColor.swift; sourceTree = "<group>"; };
		6E80F0CAB8F59CED4D23D05D /* TuistFonts+MarketApp.swift */ = {isa = PBXFileReference; lastKnownFileType = sourcecode.swift; path = "TuistFonts+MarketApp.swift"; sourceTree = "<group>"; };
		76AA962D4EBA334F5EC56565 /* InfoViewModel.swift */ = {isa = PBXFileReference; lastKnownFileType = sourcecode.swift; path = InfoViewModel.swift; sourceTree = "<group>"; };
		77A44FEA1E206B939F3E834E /* DetailImageView.swift */ = {isa = PBXFileReference; lastKnownFileType = sourcecode.swift; path = DetailImageView.swift; sourceTree = "<group>"; };
		77D489412D4E34169FAB7790 /* CustomInputField.swift */ = {isa = PBXFileReference; lastKnownFileType = sourcecode.swift; path = CustomInputField.swift; sourceTree = "<group>"; };
		781DCBCD6FA169840F1C028A /* ScreenSize.swift */ = {isa = PBXFileReference; lastKnownFileType = sourcecode.swift; path = ScreenSize.swift; sourceTree = "<group>"; };
		789B81997B8775BC1B13F1C9 /* NaviagationSearchView.swift */ = {isa = PBXFileReference; lastKnownFileType = sourcecode.swift; path = NaviagationSearchView.swift; sourceTree = "<group>"; };
		80D05FE2DF6DB1AA0DAF0146 /* SignUPTextFieldView.swift */ = {isa = PBXFileReference; lastKnownFileType = sourcecode.swift; path = SignUPTextFieldView.swift; sourceTree = "<group>"; };
		80F1E2ECA40FCC554EA188F6 /* ProductInfoImage.swift */ = {isa = PBXFileReference; lastKnownFileType = sourcecode.swift; path = ProductInfoImage.swift; sourceTree = "<group>"; };
		8182B025F7FC8DA04A885C92 /* BrandType.swift */ = {isa = PBXFileReference; lastKnownFileType = sourcecode.swift; path = BrandType.swift; sourceTree = "<group>"; };
		86697C102B5B65BD01056721 /* SignupPOPUPVIew.swift */ = {isa = PBXFileReference; lastKnownFileType = sourcecode.swift; path = SignupPOPUPVIew.swift; sourceTree = "<group>"; };
		8900AE2E921F2ED7E9FE8BC5 /* AppManger.swift */ = {isa = PBXFileReference; lastKnownFileType = sourcecode.swift; path = AppManger.swift; sourceTree = "<group>"; };
		8A235B86CE3D253C375BE505 /* TuistPlists+MarketApp.swift */ = {isa = PBXFileReference; lastKnownFileType = sourcecode.swift; path = "TuistPlists+MarketApp.swift"; sourceTree = "<group>"; };
		8E1EFB1253435AB2454D5C17 /* MarketAppTests.xctest */ = {isa = PBXFileReference; explicitFileType = wrapper.cfbundle; includeInIndex = 0; path = MarketAppTests.xctest; sourceTree = BUILT_PRODUCTS_DIR; };
		8E49E7FAE794A4B9F595C8B7 /* ACarouselViewModel.swift */ = {isa = PBXFileReference; lastKnownFileType = sourcecode.swift; path = ACarouselViewModel.swift; sourceTree = "<group>"; };
		8F7702D2AD2920C0BC8DD44F /* FindEmailView.swift */ = {isa = PBXFileReference; lastKnownFileType = sourcecode.swift; path = FindEmailView.swift; sourceTree = "<group>"; };
		93C8EF970C84CE0F649F7EF8 /* ProfileLogoutType.swift */ = {isa = PBXFileReference; lastKnownFileType = sourcecode.swift; path = ProfileLogoutType.swift; sourceTree = "<group>"; };
		957968A9DED2858C025A338A /* TuistAssets+MarketApp.swift */ = {isa = PBXFileReference; lastKnownFileType = sourcecode.swift; path = "TuistAssets+MarketApp.swift"; sourceTree = "<group>"; };
		9654E630732FBAE3D5D3E09E /* SignUPNickNameView.swift */ = {isa = PBXFileReference; lastKnownFileType = sourcecode.swift; path = SignUPNickNameView.swift; sourceTree = "<group>"; };
		966E6C4D062FE36ED1389E7E /* SearchBar.swift */ = {isa = PBXFileReference; lastKnownFileType = sourcecode.swift; path = SearchBar.swift; sourceTree = "<group>"; };
		985B9059660E94976070855D /* MainShoesService.swift */ = {isa = PBXFileReference; lastKnownFileType = sourcecode.swift; path = MainShoesService.swift; sourceTree = "<group>"; };
		9A957DACC21516F1D0BF2294 /* CartView.swift */ = {isa = PBXFileReference; lastKnownFileType = sourcecode.swift; path = CartView.swift; sourceTree = "<group>"; };
		9BBFD17A35CF36ED53A50FD3 /* View+ReceiveTimer.swift */ = {isa = PBXFileReference; lastKnownFileType = sourcecode.swift; path = "View+ReceiveTimer.swift"; sourceTree = "<group>"; };
		9F882F5946E472E1DCC6AD98 /* NanumSquareNeo-bRg.ttf */ = {isa = PBXFileReference; lastKnownFileType = file; path = "NanumSquareNeo-bRg.ttf"; sourceTree = "<group>"; };
		A12F0A07A6F50F20C0772375 /* ProfileViewModelTests.swift */ = {isa = PBXFileReference; lastKnownFileType = sourcecode.swift; path = ProfileViewModelTests.swift; sourceTree = "<group>"; };
		A2501E08F5DAEAB869375DE7 /* NotiView.swift */ = {isa = PBXFileReference; lastKnownFileType = sourcecode.swift; path = NotiView.swift; sourceTree = "<group>"; };
		A2BA0187687551892299B357 /* AffinityAppCheck.swift */ = {isa = PBXFileReference; lastKnownFileType = sourcecode.swift; path = AffinityAppCheck.swift; sourceTree = "<group>"; };
		A3B810C73E109D6EF8C4A956 /* AppLifeCycleModifier.swift */ = {isa = PBXFileReference; lastKnownFileType = sourcecode.swift; path = AppLifeCycleModifier.swift; sourceTree = "<group>"; };
		A46A562BD8ED5CEA641B849F /* MarketAppTests-Info.plist */ = {isa = PBXFileReference; lastKnownFileType = text.plist; path = "MarketAppTests-Info.plist"; sourceTree = "<group>"; };
		AA81FE8F2D83DB8B008B8868 /* UIApplication.swift */ = {isa = PBXFileReference; lastKnownFileType = sourcecode.swift; path = UIApplication.swift; sourceTree = "<group>"; };
		AE3ECAB156F37979C92D2A68 /* SearchRowListView.swift */ = {isa = PBXFileReference; lastKnownFileType = sourcecode.swift; path = SearchRowListView.swift; sourceTree = "<group>"; };
		B1775EF14B2A78AF48172B2F /* Assets.xcassets */ = {isa = PBXFileReference; lastKnownFileType = folder.assetcatalog; path = Assets.xcassets; sourceTree = "<group>"; };
		B34C3FB16571DF2DE3C6B5E5 /* MarketApp-Info.plist */ = {isa = PBXFileReference; lastKnownFileType = text.plist; path = "MarketApp-Info.plist"; sourceTree = "<group>"; };
		B51CE0114C2295E7C844C8E6 /* withDrawPOPUPView.swift */ = {isa = PBXFileReference; lastKnownFileType = sourcecode.swift; path = withDrawPOPUPView.swift; sourceTree = "<group>"; };
		BA8682E2ABADFF9944B15C16 /* FindPasswordView.swift */ = {isa = PBXFileReference; lastKnownFileType = sourcecode.swift; path = FindPasswordView.swift; sourceTree = "<group>"; };
		BBB0C8764BC9F1870C6FCBE2 /* ListArrowView.swift */ = {isa = PBXFileReference; lastKnownFileType = sourcecode.swift; path = ListArrowView.swift; sourceTree = "<group>"; };
		C3EFD71CA92F799B94B0F644 /* AppleLoginManger.swift */ = {isa = PBXFileReference; lastKnownFileType = sourcecode.swift; path = AppleLoginManger.swift; sourceTree = "<group>"; };
		C8654E809847B9008DD55D7B /* ImagePicker.swift */ = {isa = PBXFileReference; lastKnownFileType = sourcecode.swift; path = ImagePicker.swift; sourceTree = "<group>"; };
		C87EC641EE25C66C3AD897A2 /* Preview Assets.xcassets */ = {isa = PBXFileReference; lastKnownFileType = folder.assetcatalog; path = "Preview Assets.xcassets"; sourceTree = "<group>"; };
		CA5C26DA957A00AD21C5C4AD /* MainDetailService.swift */ = {isa = PBXFileReference; lastKnownFileType = sourcecode.swift; path = MainDetailService.swift; sourceTree = "<group>"; };
		CC9AFA1CE28E4EF0FFEE42CC /* WebViews.swift */ = {isa = PBXFileReference; lastKnownFileType = sourcecode.swift; path = WebViews.swift; sourceTree = "<group>"; };
		CCBDF2994C719D5B832105B3 /* ProfileViewModel.swift */ = {isa = PBXFileReference; lastKnownFileType = sourcecode.swift; path = ProfileViewModel.swift; sourceTree = "<group>"; };
		CD00B99BFD59A7D63733FF0B /* ScrollViewModifier.swift */ = {isa = PBXFileReference; lastKnownFileType = sourcecode.swift; path = ScrollViewModifier.swift; sourceTree = "<group>"; };
		D547776EC60AE13CF9DBEFBA /* MainVIewModelTests.swift */ = {isa = PBXFileReference; lastKnownFileType = sourcecode.swift; path = MainVIewModelTests.swift; sourceTree = "<group>"; };
		D828C404974D85E79C654FAE /* Loading.json */ = {isa = PBXFileReference; lastKnownFileType = text.json; path = Loading.json; sourceTree = "<group>"; };
		DE8DE5E79EFB341D9117B444 /* SignUPView.swift */ = {isa = PBXFileReference; lastKnownFileType = sourcecode.swift; path = SignUPView.swift; sourceTree = "<group>"; };
		E43397D681BACC21037DFC72 /* CommunityView.swift */ = {isa = PBXFileReference; lastKnownFileType = sourcecode.swift; path = CommunityView.swift; sourceTree = "<group>"; };
		E4A03756E6DBECAB4C6CC2E7 /* PopView.swift */ = {isa = PBXFileReference; lastKnownFileType = sourcecode.swift; path = PopView.swift; sourceTree = "<group>"; };
		E7F11F67EB934BB7109D5B89 /* MarketAppUITests-Info.plist */ = {isa = PBXFileReference; lastKnownFileType = text.plist; path = "MarketAppUITests-Info.plist"; sourceTree = "<group>"; };
		E89E26E9B267CF594AF8D791 /* ImageUploader.swift */ = {isa = PBXFileReference; lastKnownFileType = sourcecode.swift; path = ImageUploader.swift; sourceTree = "<group>"; };
		EC1C6EA2AC170CF1DE841F7A /* LottieLoadingView.swift */ = {isa = PBXFileReference; lastKnownFileType = sourcecode.swift; path = LottieLoadingView.swift; sourceTree = "<group>"; };
		ED61AAC636187ABAF45FB1D1 /* ProductView.swift */ = {isa = PBXFileReference; lastKnownFileType = sourcecode.swift; path = ProductView.swift; sourceTree = "<group>"; };
		F00BA8ED3EDDFFD25E615ED0 /* TuistBundle+MarketApp.swift */ = {isa = PBXFileReference; lastKnownFileType = sourcecode.swift; path = "TuistBundle+MarketApp.swift"; sourceTree = "<group>"; };
		F4A4E519C38FFFA3C2D2F832 /* EditImageModifier.swift */ = {isa = PBXFileReference; lastKnownFileType = sourcecode.swift; path = EditImageModifier.swift; sourceTree = "<group>"; };
		F69D83DA06BF8A571EDD998C /* Demo.swift */ = {isa = PBXFileReference; lastKnownFileType = sourcecode.swift; path = Demo.swift; sourceTree = "<group>"; };
		FA64808EFAE415D9E5C61992 /* PagerIndicator.swift */ = {isa = PBXFileReference; lastKnownFileType = sourcecode.swift; path = PagerIndicator.swift; sourceTree = "<group>"; };
		FFED2D9F45B329DEC0F43396 /* AffinityAPI-Main.swift */ = {isa = PBXFileReference; lastKnownFileType = sourcecode.swift; path = "AffinityAPI-Main.swift"; sourceTree = "<group>"; };
/* End PBXFileReference section */

/* Begin PBXFrameworksBuildPhase section */
		33835BD3B70826847FB874EB /* Frameworks */ = {
			isa = PBXFrameworksBuildPhase;
			buildActionMask = 2147483647;
			files = (
			);
			runOnlyForDeploymentPostprocessing = 0;
		};
		974B1D27761ACAB059D624CA /* Frameworks */ = {
			isa = PBXFrameworksBuildPhase;
			buildActionMask = 2147483647;
			files = (
			);
			runOnlyForDeploymentPostprocessing = 0;
		};
		F2A1F16A855CE72F2848738A /* Frameworks */ = {
			isa = PBXFrameworksBuildPhase;
			buildActionMask = 2147483647;
			files = (
			);
			runOnlyForDeploymentPostprocessing = 0;
		};
/* End PBXFrameworksBuildPhase section */

/* Begin PBXGroup section */
		027EE0E68B1E8E58A844A933 /* Profile */ = {
			isa = PBXGroup;
			children = (
				93C8EF970C84CE0F649F7EF8 /* ProfileLogoutType.swift */,
				04F3E93E240D72E75D5F1CCC /* ProfileNickNameView.swift */,
				4C53F786D5655D186D2095B4 /* ProfileSettingType.swift */,
				303D38B28FCC2513A0AF37C4 /* ProfileView.swift */,
			);
			path = Profile;
			sourceTree = "<group>";
		};
		056E1459BB74975CAC98D694 /* Application */ = {
			isa = PBXGroup;
			children = (
				49FCB6F92BE0549B7750C6E2 /* AppDelegate.swift */,
				5B4430ACB1948557D37785A5 /* MarketAppApp.swift */,
			);
			path = Application;
			sourceTree = "<group>";
		};
		14189367A64CA5A5FA83E020 /* Alert */ = {
			isa = PBXGroup;
			children = (
				38C66CC8CE29C4D15055D3E9 /* ConfirmAlertView.swift */,
				04FDD84FEECDC7DE884DB213 /* POPUPViews.swift */,
				364D857B23BBBA71B149D777 /* SignOutPOPUPView.swift */,
				86697C102B5B65BD01056721 /* SignupPOPUPVIew.swift */,
				B51CE0114C2295E7C844C8E6 /* withDrawPOPUPView.swift */,
			);
			path = Alert;
			sourceTree = "<group>";
		};
		1548100F3E48F4B687251229 /* Sources */ = {
			isa = PBXGroup;
			children = (
				056E1459BB74975CAC98D694 /* Application */,
				5F796654F49A0FC029C65015 /* Firebase */,
				F8EDB78097747C49396E1E92 /* Model */,
				24F5F04D619DA60C7BC844EF /* Network */,
				D32150904C5C1BB622C6FE4F /* Utill */,
				447814CDF42951EF3803673E /* View */,
				62A0E0C6D5D57964B5CC9640 /* ViewModel */,
			);
			path = Sources;
			sourceTree = "<group>";
		};
		1A6DF77FCE51D2F9E4646292 /* Authorization */ = {
			isa = PBXGroup;
			children = (
				6ADAB604B1F925E70CAFB2C6 /* FindEmail */,
				935361C287B3C291E80B4440 /* FindPassword */,
				9ECDD346D6C698746477E424 /* Login */,
				3BEEB3E543587230382FFA7E /* SignUP */,
			);
			path = Authorization;
			sourceTree = "<group>";
		};
		1B47B289C61A939C7FAAA512 /* Main */ = {
			isa = PBXGroup;
			children = (
				CA5C26DA957A00AD21C5C4AD /* MainDetailService.swift */,
				985B9059660E94976070855D /* MainShoesService.swift */,
			);
			path = Main;
			sourceTree = "<group>";
		};
		20EF4CA5E0D4FF6A057C86AA /* Favorite */ = {
			isa = PBXGroup;
			children = (
				054D5B82F404F6CD1D23A4C7 /* FavoriteView.swift */,
			);
			path = Favorite;
			sourceTree = "<group>";
		};
		224F331212EFB073211E5AA7 /* CustomFont */ = {
			isa = PBXGroup;
			children = (
				33EEA1942A23B164DB7CBEDD /* NanumSquareNeo.swift */,
			);
			path = CustomFont;
			sourceTree = "<group>";
		};
		247E57646CCE39742C359A88 /* MarketAPI */ = {
			isa = PBXGroup;
			children = (
				FFED2D9F45B329DEC0F43396 /* AffinityAPI-Main.swift */,
			);
			path = MarketAPI;
			sourceTree = "<group>";
		};
		24F5F04D619DA60C7BC844EF /* Network */ = {
			isa = PBXGroup;
			children = (
				D7351E521A9B062043B9421C /* APIError */,
				1B47B289C61A939C7FAAA512 /* Main */,
				247E57646CCE39742C359A88 /* MarketAPI */,
			);
			path = Network;
			sourceTree = "<group>";
		};
		2536DEF98DA9AB6EF59487FE /* Sources */ = {
			isa = PBXGroup;
			children = (
				50B115CD8B7F75FC035E5475 /* MarketAppUITests.swift */,
				3083FCBCFD51B7F0A604E9AF /* MarketAppUITestsLaunchTests.swift */,
			);
			path = Sources;
			sourceTree = "<group>";
		};
		26F0422AD642BD31A5670786 /* Frameworks */ = {
			isa = PBXGroup;
			children = (
			);
			name = Frameworks;
			sourceTree = "<group>";
		};
		2DCDB869D8690A38C58728C8 /* TextField */ = {
			isa = PBXGroup;
			children = (
				77D489412D4E34169FAB7790 /* CustomInputField.swift */,
				80D05FE2DF6DB1AA0DAF0146 /* SignUPTextFieldView.swift */,
			);
			path = TextField;
			sourceTree = "<group>";
		};
		33A163FD11875D319A3E5EED /* Lottie */ = {
			isa = PBXGroup;
			children = (
				EC1C6EA2AC170CF1DE841F7A /* LottieLoadingView.swift */,
				122EACC416FD92EE7CF88011 /* LottieView.swift */,
			);
			path = Lottie;
			sourceTree = "<group>";
		};
		3642DCAEB3FF2BA2A1457205 /* Authoriation */ = {
			isa = PBXGroup;
			children = (
				C3EFD71CA92F799B94B0F644 /* AppleLoginManger.swift */,
				8900AE2E921F2ED7E9FE8BC5 /* AppManger.swift */,
				61748B0AF0B62637F489864D /* SignManger.swift */,
			);
			path = Authoriation;
			sourceTree = "<group>";
		};
		399365F4CAC02E66C45BF2CA /* ImageManger */ = {
			isa = PBXGroup;
			children = (
				C8654E809847B9008DD55D7B /* ImagePicker.swift */,
				E89E26E9B267CF594AF8D791 /* ImageUploader.swift */,
			);
			path = ImageManger;
			sourceTree = "<group>";
		};
		3BEEB3E543587230382FFA7E /* SignUP */ = {
			isa = PBXGroup;
			children = (
				9654E630732FBAE3D5D3E09E /* SignUPNickNameView.swift */,
				DE8DE5E79EFB341D9117B444 /* SignUPView.swift */,
			);
			path = SignUP;
			sourceTree = "<group>";
		};
		3E0A9F4027D5842C1896B596 /* FontAsset */ = {
			isa = PBXGroup;
			children = (
				2B770770380D90EC96FFD475 /* NanumSquareNeo-aLt.ttf */,
				9F882F5946E472E1DCC6AD98 /* NanumSquareNeo-bRg.ttf */,
				34AB6A9D5E4A7B6AA7373C22 /* NanumSquareNeo-cBd.ttf */,
				0B4FF345E7E72DB2E337C126 /* NanumSquareNeo-dEb.ttf */,
				4FD700CD925CA3B4C4380712 /* NanumSquareNeo-eHv.ttf */,
			);
			path = FontAsset;
			sourceTree = "<group>";
		};
		447814CDF42951EF3803673E /* View */ = {
			isa = PBXGroup;
			children = (
				1A6DF77FCE51D2F9E4646292 /* Authorization */,
				C49F4A4E4060379ACF56F5C7 /* Cart */,
				7F79A1E71D4A083E454F5FAB /* Community */,
				EB5DECC032F5C902E9E55F08 /* Component */,
				20EF4CA5E0D4FF6A057C86AA /* Favorite */,
				EE1B1A54124210E115D459ED /* Home */,
				B4ECC981B10ABFA39ADC414F /* Notice */,
				67FB82A3F3B177577F2DBC86 /* ProductDetail */,
				E77C5669BB059433E1B58D49 /* ProductList */,
				027EE0E68B1E8E58A844A933 /* Profile */,
				5D865F4D458E78DCAD1052F7 /* Search */,
				D92E8C6BDFC8D29C811C00EF /* Tab */,
			);
			path = View;
			sourceTree = "<group>";
		};
		52626465A2D99766A948F3D1 /* MainShoesViewModel */ = {
			isa = PBXGroup;
			children = (
				1D42C720BD3CF0BDC99C1E50 /* MainShoesViewModel.swift */,
			);
			path = MainShoesViewModel;
			sourceTree = "<group>";
		};
		5D865F4D458E78DCAD1052F7 /* Search */ = {
			isa = PBXGroup;
			children = (
				789B81997B8775BC1B13F1C9 /* NaviagationSearchView.swift */,
				AE3ECAB156F37979C92D2A68 /* SearchRowListView.swift */,
				06E8904E3DF7A8AC31EA4FFC /* SearchView.swift */,
			);
			path = Search;
			sourceTree = "<group>";
		};
		5F796654F49A0FC029C65015 /* Firebase */ = {
			isa = PBXGroup;
			children = (
				36D19C512FD32C756FF7F232 /* GoogleService-Info.plist */,
			);
			path = Firebase;
			sourceTree = "<group>";
		};
		62A0E0C6D5D57964B5CC9640 /* ViewModel */ = {
			isa = PBXGroup;
			children = (
				F61215858449A6DE88111CA1 /* Demo */,
				52626465A2D99766A948F3D1 /* MainShoesViewModel */,
				FAF584937B715EDA18CA213C /* ProfileViewModel */,
				6F6C7299ECD9A738080A4243 /* SignUpViewModel */,
			);
			path = ViewModel;
			sourceTree = "<group>";
		};
		6582E60BC5D18EE4A92DA9BA /* Font */ = {
			isa = PBXGroup;
			children = (
				224F331212EFB073211E5AA7 /* CustomFont */,
				3E0A9F4027D5842C1896B596 /* FontAsset */,
			);
			path = Font;
			sourceTree = "<group>";
		};
		662375091C22DCBE5A46006E /* MarketApp */ = {
			isa = PBXGroup;
			children = (
				DD4AA666643FB5842F4EA663 /* Resources */,
				1548100F3E48F4B687251229 /* Sources */,
			);
			path = MarketApp;
			sourceTree = "<group>";
		};
		67FB82A3F3B177577F2DBC86 /* ProductDetail */ = {
			isa = PBXGroup;
			children = (
				77A44FEA1E206B939F3E834E /* DetailImageView.swift */,
				76AA962D4EBA334F5EC56565 /* InfoViewModel.swift */,
				E4A03756E6DBECAB4C6CC2E7 /* PopView.swift */,
				80F1E2ECA40FCC554EA188F6 /* ProductInfoImage.swift */,
				ED61AAC636187ABAF45FB1D1 /* ProductView.swift */,
				3F6EBC4AB38F1C5A4170B073 /* ReviewView.swift */,
			);
			path = ProductDetail;
			sourceTree = "<group>";
		};
		691A8DFE92364F95A7DB8BBB = {
			isa = PBXGroup;
			children = (
				C80F5F4379DC7CFB2E663B33 /* Project */,
				26F0422AD642BD31A5670786 /* Frameworks */,
				E6AB1E4049C8F71E18F54B9F /* Products */,
			);
			sourceTree = "<group>";
		};
		6A9E8A890FCC32FCA15D3AB8 /* Derived */ = {
			isa = PBXGroup;
			children = (
				E2019F77E5C4C6C84F08DB5B /* InfoPlists */,
				6C2719140FA1A0578E930A6B /* Sources */,
			);
			path = Derived;
			sourceTree = "<group>";
		};
		6ADAB604B1F925E70CAFB2C6 /* FindEmail */ = {
			isa = PBXGroup;
			children = (
				8F7702D2AD2920C0BC8DD44F /* FindEmailView.swift */,
			);
			path = FindEmail;
			sourceTree = "<group>";
		};
		6B1D479148A63FB0CC564024 /* Search */ = {
			isa = PBXGroup;
			children = (
				966E6C4D062FE36ED1389E7E /* SearchBar.swift */,
			);
			path = Search;
			sourceTree = "<group>";
		};
		6C2719140FA1A0578E930A6B /* Sources */ = {
			isa = PBXGroup;
			children = (
				957968A9DED2858C025A338A /* TuistAssets+MarketApp.swift */,
				F00BA8ED3EDDFFD25E615ED0 /* TuistBundle+MarketApp.swift */,
				6E80F0CAB8F59CED4D23D05D /* TuistFonts+MarketApp.swift */,
				8A235B86CE3D253C375BE505 /* TuistPlists+MarketApp.swift */,
			);
			path = Sources;
			sourceTree = "<group>";
		};
		6F6C7299ECD9A738080A4243 /* SignUpViewModel */ = {
			isa = PBXGroup;
			children = (
				4D98E37EA0A9A0F542825538 /* SignUPViewModel.swift */,
			);
			path = SignUpViewModel;
			sourceTree = "<group>";
		};
		7993920958F22D550D9107A1 /* SignUPViewModel */ = {
			isa = PBXGroup;
			children = (
				2CDB99A9B732FC01EFCAED51 /* LoginViewModelTest.swift */,
			);
			path = SignUPViewModel;
			sourceTree = "<group>";
		};
		7B1F69FDE2BF1E02750DA156 /* Sources */ = {
			isa = PBXGroup;
			children = (
				D7C9DC711364FB1A9DCC9EDA /* MainViewModel */,
				DB26E548675FFEE3E37D34D9 /* ProfileViewModel */,
				7993920958F22D550D9107A1 /* SignUPViewModel */,
			);
			path = Sources;
			sourceTree = "<group>";
		};
		7CA86ECB8B242FA931106470 /* View */ = {
			isa = PBXGroup;
			children = (
				C0B8BE86CA6034714A309865 /* ACarousel */,
				F4A4E519C38FFFA3C2D2F832 /* EditImageModifier.swift */,
				416F9D6718A5305ADC1D0587 /* ModalShapeCorner.swift */,
				392F45893B3478583CAD5941 /* OverlayView.swift */,
				781DCBCD6FA169840F1C028A /* ScreenSize.swift */,
				CD00B99BFD59A7D63733FF0B /* ScrollViewModifier.swift */,
				0787AD01214A1BB3468C5B0A /* Size.swift */,
				403B5D16C18AFBBBCA8F5490 /* SizeReader.swift */,
			);
			path = View;
			sourceTree = "<group>";
		};
		7F79A1E71D4A083E454F5FAB /* Community */ = {
			isa = PBXGroup;
			children = (
				E43397D681BACC21037DFC72 /* CommunityView.swift */,
			);
			path = Community;
			sourceTree = "<group>";
		};
		83252DF76FD8B1D05FAC223D /* Lanch */ = {
			isa = PBXGroup;
			children = (
				2D2A09277FFCD7D26F5830C9 /* LanuchView.swift */,
			);
			path = Lanch;
			sourceTree = "<group>";
		};
		935361C287B3C291E80B4440 /* FindPassword */ = {
			isa = PBXGroup;
			children = (
				BA8682E2ABADFF9944B15C16 /* FindPasswordView.swift */,
			);
			path = FindPassword;
			sourceTree = "<group>";
		};
		9B99CF0DE29970D7B12530BE /* Page */ = {
			isa = PBXGroup;
			children = (
				24264162CB9DB6300F0CA71F /* DotIndicator.swift */,
				FA64808EFAE415D9E5C61992 /* PagerIndicator.swift */,
			);
			path = Page;
			sourceTree = "<group>";
		};
		9ECDD346D6C698746477E424 /* Login */ = {
			isa = PBXGroup;
			children = (
				0C7011CDCC27E6C21A44B247 /* LoginItem.swift */,
				18E0E4D5F646CD86977A3CAB /* LoginView.swift */,
			);
			path = Login;
			sourceTree = "<group>";
		};
		A0E0190D0FD72EBA44240546 /* MarketAppTests */ = {
			isa = PBXGroup;
			children = (
				7B1F69FDE2BF1E02750DA156 /* Sources */,
			);
			path = MarketAppTests;
			sourceTree = "<group>";
		};
		A3FA9DAA1DDFEABDE9E3FAE0 /* Share */ = {
			isa = PBXGroup;
			children = (
				6C2D9A1DAC2D8581DF568A39 /* ShareView.swift */,
			);
			path = Share;
			sourceTree = "<group>";
		};
		A461BD90049D64655C5B49EE /* List */ = {
			isa = PBXGroup;
			children = (
				BBB0C8764BC9F1870C6FCBE2 /* ListArrowView.swift */,
				3C9F66761389394DA8E5B0FE /* ListtLoginView.swift */,
			);
			path = List;
			sourceTree = "<group>";
		};
		B0697DBB54FBB03ECAF513AA /* SignUPCheck */ = {
			isa = PBXGroup;
			children = (
				38905D82DF51BD7F38E6D984 /* CheckRegister.swift */,
			);
			path = SignUPCheck;
			sourceTree = "<group>";
		};
		B3524588C666551C9A4E5D74 /* AppCheck */ = {
			isa = PBXGroup;
			children = (
				A2BA0187687551892299B357 /* AffinityAppCheck.swift */,
			);
			path = AppCheck;
			sourceTree = "<group>";
		};
		B4ECC981B10ABFA39ADC414F /* Notice */ = {
			isa = PBXGroup;
			children = (
				A2501E08F5DAEAB869375DE7 /* NotiView.swift */,
			);
			path = Notice;
			sourceTree = "<group>";
		};
		C0933462C9356CDF1539BC7D /* WebView */ = {
			isa = PBXGroup;
			children = (
				434B01CB54920866CCC43C96 /* WebView.swift */,
				CC9AFA1CE28E4EF0FFEE42CC /* WebViews.swift */,
			);
			path = WebView;
			sourceTree = "<group>";
		};
		C0B8BE86CA6034714A309865 /* ACarousel */ = {
			isa = PBXGroup;
			children = (
				0028770F3BB2139C4F65D127 /* ACarousel.swift */,
				6B8DD16003085CD6BB33DC3C /* ACarouselAutoScroll.swift */,
				8E49E7FAE794A4B9F595C8B7 /* ACarouselViewModel.swift */,
				A3B810C73E109D6EF8C4A956 /* AppLifeCycleModifier.swift */,
				9BBFD17A35CF36ED53A50FD3 /* View+ReceiveTimer.swift */,
			);
			path = ACarousel;
			sourceTree = "<group>";
		};
		C3194F3E3A30078329944CA3 /* Extensions */ = {
			isa = PBXGroup;
			children = (
				5481539840591AA3423EAD6B /* KeyboardHandler.swift */,
				255B574E94D3B1BAA2680EC9 /* PreviewProvider.swift */,
				AA81FE8F2D83DB8B008B8868 /* UIApplication.swift */,
			);
			path = Extensions;
			sourceTree = "<group>";
		};
		C49F4A4E4060379ACF56F5C7 /* Cart */ = {
			isa = PBXGroup;
			children = (
				9A957DACC21516F1D0BF2294 /* CartView.swift */,
			);
			path = Cart;
			sourceTree = "<group>";
		};
		C80F5F4379DC7CFB2E663B33 /* Project */ = {
			isa = PBXGroup;
			children = (
				6A9E8A890FCC32FCA15D3AB8 /* Derived */,
				662375091C22DCBE5A46006E /* MarketApp */,
				A0E0190D0FD72EBA44240546 /* MarketAppTests */,
				F51F007470E9455046F023DA /* MarketAppUITests */,
			);
			name = Project;
			sourceTree = "<group>";
		};
		D32150904C5C1BB622C6FE4F /* Utill */ = {
			isa = PBXGroup;
			children = (
				B3524588C666551C9A4E5D74 /* AppCheck */,
				3642DCAEB3FF2BA2A1457205 /* Authoriation */,
				E6CBB0D1CC6897EAD71BBF44 /* Color */,
				C3194F3E3A30078329944CA3 /* Extensions */,
				6582E60BC5D18EE4A92DA9BA /* Font */,
				399365F4CAC02E66C45BF2CA /* ImageManger */,
				B0697DBB54FBB03ECAF513AA /* SignUPCheck */,
				7CA86ECB8B242FA931106470 /* View */,
			);
			path = Utill;
			sourceTree = "<group>";
		};
		D7351E521A9B062043B9421C /* APIError */ = {
			isa = PBXGroup;
			children = (
				0B10212912C4A313226C9FFD /* APIError.swift */,
			);
			path = APIError;
			sourceTree = "<group>";
		};
		D7C9DC711364FB1A9DCC9EDA /* MainViewModel */ = {
			isa = PBXGroup;
			children = (
				D547776EC60AE13CF9DBEFBA /* MainVIewModelTests.swift */,
			);
			path = MainViewModel;
			sourceTree = "<group>";
		};
		D92E8C6BDFC8D29C811C00EF /* Tab */ = {
			isa = PBXGroup;
			children = (
				4CFF74427B3B3825C0500EAB /* MainTabView.swift */,
			);
			path = Tab;
			sourceTree = "<group>";
		};
		DB26E548675FFEE3E37D34D9 /* ProfileViewModel */ = {
			isa = PBXGroup;
			children = (
				A12F0A07A6F50F20C0772375 /* ProfileViewModelTests.swift */,
			);
			path = ProfileViewModel;
			sourceTree = "<group>";
		};
		DD4AA666643FB5842F4EA663 /* Resources */ = {
			isa = PBXGroup;
			children = (
				E3C69468722FFB6C637B16BE /* Preview Content */,
				B1775EF14B2A78AF48172B2F /* Assets.xcassets */,
				D828C404974D85E79C654FAE /* Loading.json */,
				653861CA00DEE97848A997E5 /* mockData.json */,
			);
			path = Resources;
			sourceTree = "<group>";
		};
		E2019F77E5C4C6C84F08DB5B /* InfoPlists */ = {
			isa = PBXGroup;
			children = (
				B34C3FB16571DF2DE3C6B5E5 /* MarketApp-Info.plist */,
				A46A562BD8ED5CEA641B849F /* MarketAppTests-Info.plist */,
				E7F11F67EB934BB7109D5B89 /* MarketAppUITests-Info.plist */,
			);
			path = InfoPlists;
			sourceTree = "<group>";
		};
		E3C69468722FFB6C637B16BE /* Preview Content */ = {
			isa = PBXGroup;
			children = (
				C87EC641EE25C66C3AD897A2 /* Preview Assets.xcassets */,
			);
			path = "Preview Content";
			sourceTree = "<group>";
		};
		E6AB1E4049C8F71E18F54B9F /* Products */ = {
			isa = PBXGroup;
			children = (
				3D7FDC83A64D1295102B55C9 /* MarketApp.app */,
				8E1EFB1253435AB2454D5C17 /* MarketAppTests.xctest */,
				30F73F0BBA2C88D6153A2748 /* MarketAppUITests.xctest */,
			);
			name = Products;
			sourceTree = "<group>";
		};
		E6CBB0D1CC6897EAD71BBF44 /* Color */ = {
			isa = PBXGroup;
			children = (
				4F97435BEDC3FC5EC56A8A35 /* ColorAsset.swift */,
				6D08256C0CC3DB9B3709374E /* FontColor.swift */,
			);
			path = Color;
			sourceTree = "<group>";
		};
		E77C5669BB059433E1B58D49 /* ProductList */ = {
			isa = PBXGroup;
			children = (
				0FCFB1701F67B98836A0A135 /* ProdductListView.swift */,
			);
			path = ProductList;
			sourceTree = "<group>";
		};
		EB5DECC032F5C902E9E55F08 /* Component */ = {
			isa = PBXGroup;
			children = (
				14189367A64CA5A5FA83E020 /* Alert */,
				83252DF76FD8B1D05FAC223D /* Lanch */,
				A461BD90049D64655C5B49EE /* List */,
				33A163FD11875D319A3E5EED /* Lottie */,
				9B99CF0DE29970D7B12530BE /* Page */,
				6B1D479148A63FB0CC564024 /* Search */,
				A3FA9DAA1DDFEABDE9E3FAE0 /* Share */,
				2DCDB869D8690A38C58728C8 /* TextField */,
				C0933462C9356CDF1539BC7D /* WebView */,
			);
			path = Component;
			sourceTree = "<group>";
		};
		EE1B1A54124210E115D459ED /* Home */ = {
			isa = PBXGroup;
			children = (
				156E6E5C37B5AD84D83840C0 /* BannerImages.swift */,
				8182B025F7FC8DA04A885C92 /* BrandType.swift */,
				457E8C49F3003074AC96FDCE /* HomeView.swift */,
				5CA2E2D323BADE48A800546A /* HomeViewNavigaionItem.swift */,
			);
			path = Home;
			sourceTree = "<group>";
		};
		F51F007470E9455046F023DA /* MarketAppUITests */ = {
			isa = PBXGroup;
			children = (
				2536DEF98DA9AB6EF59487FE /* Sources */,
			);
			path = MarketAppUITests;
			sourceTree = "<group>";
		};
		F61215858449A6DE88111CA1 /* Demo */ = {
			isa = PBXGroup;
			children = (
				F69D83DA06BF8A571EDD998C /* Demo.swift */,
			);
			path = Demo;
			sourceTree = "<group>";
		};
		F8EDB78097747C49396E1E92 /* Model */ = {
			isa = PBXGroup;
			children = (
				5A5D4B5CC7A5ACF9A2748458 /* ShoesDetailModel.swift */,
				6091C4499AE085E2881E8034 /* ShoesModel.swift */,
			);
			path = Model;
			sourceTree = "<group>";
		};
		FAF584937B715EDA18CA213C /* ProfileViewModel */ = {
			isa = PBXGroup;
			children = (
				CCBDF2994C719D5B832105B3 /* ProfileViewModel.swift */,
			);
			path = ProfileViewModel;
			sourceTree = "<group>";
		};
/* End PBXGroup section */

/* Begin PBXNativeTarget section */
		02C5F49A3F3F82E3E6D0271B /* MarketAppTests */ = {
			isa = PBXNativeTarget;
			buildConfigurationList = BC810AFDA9CA045D96CC71D8 /* Build configuration list for PBXNativeTarget "MarketAppTests" */;
			buildPhases = (
				AC3BF41A0886285B3EA6CA5F /* Sources */,
				0A4FDBA06F644BAF9AE6C00A /* Resources */,
				51DD62DF0EE020824E192A71 /* Embed Frameworks */,
				33835BD3B70826847FB874EB /* Frameworks */,
			);
			buildRules = (
			);
			dependencies = (
				7FB6BE6F29E035A4009EF0D6 /* PBXTargetDependency */,
			);
			name = MarketAppTests;
			productName = MarketAppTests;
			productReference = 8E1EFB1253435AB2454D5C17 /* MarketAppTests.xctest */;
			productType = "com.apple.product-type.bundle.unit-test";
		};
		50FC1488A2BEDD4CBE8F8595 /* MarketApp */ = {
			isa = PBXNativeTarget;
			buildConfigurationList = CBDF6CCD85AB9A8F33BF6EAC /* Build configuration list for PBXNativeTarget "MarketApp" */;
			buildPhases = (
				93CD574C9939471694D66EF2 /* FirebaseCrashlyticsScript */,
				07AD6F9DCA0BE7151E0311EC /* Sources */,
				6AF8B27C07FEE4E68435F5E6 /* Resources */,
				90B107E029FEDEEA252FE91F /* Embed Frameworks */,
				F2A1F16A855CE72F2848738A /* Frameworks */,
			);
			buildRules = (
			);
			dependencies = (
			);
			name = MarketApp;
			productName = MarketApp;
			productReference = 3D7FDC83A64D1295102B55C9 /* MarketApp.app */;
			productType = "com.apple.product-type.application";
		};
		AFDD825855F06A930B272225 /* MarketAppUITests */ = {
			isa = PBXNativeTarget;
			buildConfigurationList = 8B997E7B04E39F88D747800B /* Build configuration list for PBXNativeTarget "MarketAppUITests" */;
			buildPhases = (
				B5DDC6FC7D33F7560C2060BF /* Sources */,
				B0378CFFEA586D26F93A7905 /* Resources */,
				0CE6A8B6F26DA9D55277E8FB /* Embed Frameworks */,
				974B1D27761ACAB059D624CA /* Frameworks */,
			);
			buildRules = (
			);
			dependencies = (
				7FB6BE6D29E035A1009EF0D6 /* PBXTargetDependency */,
			);
			name = MarketAppUITests;
			productName = MarketAppUITests;
			productReference = 30F73F0BBA2C88D6153A2748 /* MarketAppUITests.xctest */;
			productType = "com.apple.product-type.bundle.ui-testing";
		};
/* End PBXNativeTarget section */

/* Begin PBXProject section */
		CA2E66B4E926C2E5E2FAC9EB /* Project object */ = {
			isa = PBXProject;
			attributes = {
				ORGANIZATIONNAME = "Wonji Suh";
				TargetAttributes = {
					02C5F49A3F3F82E3E6D0271B = {
						TestTargetID = 50FC1488A2BEDD4CBE8F8595;
					};
					AFDD825855F06A930B272225 = {
						TestTargetID = 50FC1488A2BEDD4CBE8F8595;
					};
				};
			};
			buildConfigurationList = AD458A281807FA1E84210E19 /* Build configuration list for PBXProject "MarketApp" */;
			compatibilityVersion = "Xcode 13.0";
			developmentRegion = en;
			hasScannedForEncodings = 0;
			knownRegions = (
				Base,
				en,
			);
			mainGroup = 691A8DFE92364F95A7DB8BBB;
			productRefGroup = E6AB1E4049C8F71E18F54B9F /* Products */;
			projectDirPath = "";
			projectRoot = "";
			targets = (
				50FC1488A2BEDD4CBE8F8595 /* MarketApp */,
				02C5F49A3F3F82E3E6D0271B /* MarketAppTests */,
				AFDD825855F06A930B272225 /* MarketAppUITests */,
			);
		};
/* End PBXProject section */

/* Begin PBXResourcesBuildPhase section */
		0A4FDBA06F644BAF9AE6C00A /* Resources */ = {
			isa = PBXResourcesBuildPhase;
			buildActionMask = 2147483647;
			files = (
			);
			runOnlyForDeploymentPostprocessing = 0;
		};
		6AF8B27C07FEE4E68435F5E6 /* Resources */ = {
			isa = PBXResourcesBuildPhase;
			buildActionMask = 2147483647;
			files = (
				BCAF50B99721352E5A68532F /* Assets.xcassets in Resources */,
				B94DB105C409DD1FA035C5BC /* Loading.json in Resources */,
				EA8288DED35015D746154496 /* Preview Assets.xcassets in Resources */,
				F383B318A2B69127A5D93455 /* mockData.json in Resources */,
				5273A0B8D99062EFAA8787EE /* AppDelegate.swift in Resources */,
				42D2F5C9442C73A4ACB3CCF6 /* MarketAppApp.swift in Resources */,
				C11B52E5EBB6CC52E7D89C00 /* GoogleService-Info.plist in Resources */,
				3E0E32010C9BCA32BC19EE41 /* ShoesDetailModel.swift in Resources */,
				0C8D9A5174873BF0E207CD36 /* ShoesModel.swift in Resources */,
				1930DFA4E3ECC09559CD7924 /* APIError.swift in Resources */,
				08B22E7F1A66CD5B6E3CF75A /* MainDetailService.swift in Resources */,
				6BDC3C2B1E89B605A39A468D /* MainShoesService.swift in Resources */,
				9CAC8A8DF4CE4F73F6E763C1 /* AffinityAPI-Main.swift in Resources */,
				CBFBE9D9933CE82E4F7F4F73 /* AffinityAppCheck.swift in Resources */,
				B794615267EE65E591FD8AEB /* AppManger.swift in Resources */,
				623F8BC0ADCCDCA98AE42E8C /* AppleLoginManger.swift in Resources */,
				94D5CEAAEC72AE0766F036AA /* SignManger.swift in Resources */,
				6544BB4AEF961794CA58001B /* ColorAsset.swift in Resources */,
				11743B14EFAD0039415B53F4 /* FontColor.swift in Resources */,
				5552863B05030DDA04024F3F /* KeyboardHandler.swift in Resources */,
				7BCBADAD6078F5C2DC8744B3 /* PreviewProvider.swift in Resources */,
				545E2E5D63AA4013579EE711 /* UIApplication.swift in Resources */,
				746386384384154FC266715F /* NanumSquareNeo.swift in Resources */,
				DB5B002359FB28969CB34411 /* NanumSquareNeo-aLt.ttf in Resources */,
				0E6D8B173745815D3EEF70FA /* NanumSquareNeo-bRg.ttf in Resources */,
				EAF825B99D87982D9E024833 /* NanumSquareNeo-cBd.ttf in Resources */,
				3C0D624D99D3B72654E62215 /* NanumSquareNeo-dEb.ttf in Resources */,
				3E33169C0022900AD9E6A163 /* NanumSquareNeo-eHv.ttf in Resources */,
				6A826346CCEDCE860BB2313B /* ImagePicker.swift in Resources */,
				B5744A78DC5E14817C3849F5 /* ImageUploader.swift in Resources */,
				EFCD3A1875A8D4D9F9E5D3B0 /* CheckRegister.swift in Resources */,
				89A7465B7ED839AA61B14D61 /* ACarousel.swift in Resources */,
				95FE346A775B4D41E94049B9 /* ACarouselAutoScroll.swift in Resources */,
				939FDF4AD20A38695ABE6930 /* ACarouselViewModel.swift in Resources */,
				451A1DFBBE8E83B968D9F80C /* AppLifeCycleModifier.swift in Resources */,
				858C9D34457E63A56D8D92EF /* View+ReceiveTimer.swift in Resources */,
				C04D0BD278D1849DE4226DB1 /* EditImageModifier.swift in Resources */,
				B4A5C44AF7E84CB0A00A96F8 /* ModalShapeCorner.swift in Resources */,
				9143E1D8FF20BD4C5EEE4D6F /* OverlayView.swift in Resources */,
				A305BEE6F36F1A9926E86554 /* ScreenSize.swift in Resources */,
				358D79D280FA156D7578D5DD /* ScrollViewModifier.swift in Resources */,
				B5C3927B814F8D271D15F9AE /* Size.swift in Resources */,
				24902A0D2E42EF7CC83B28C3 /* SizeReader.swift in Resources */,
				20F13A70324053D9EF01BDA0 /* FindEmailView.swift in Resources */,
				A3DCB609E0BB6DB361651E0E /* FindPasswordView.swift in Resources */,
				32F369BEAB556FF275B0200A /* LoginItem.swift in Resources */,
				410986EB9F44ABBB19D34F85 /* LoginView.swift in Resources */,
				1FE73D06981336D4B821F433 /* SignUPNickNameView.swift in Resources */,
				9C3C67BAEED4A05D8E64BDCF /* SignUPView.swift in Resources */,
				ED6325E16737E6DC2B9A1D2E /* CartView.swift in Resources */,
				B010BD8A76F0A9A97249E831 /* CommunityView.swift in Resources */,
				E59CD02EA9EAE7E684644923 /* ConfirmAlertView.swift in Resources */,
				D6699BEBE180EBD177CE0C5A /* POPUPViews.swift in Resources */,
				D336E1699981F583B52E97B2 /* SignOutPOPUPView.swift in Resources */,
				B69FDDBF449CE5D9B7628345 /* SignupPOPUPVIew.swift in Resources */,
				1F73A72238476FF5C028563E /* withDrawPOPUPView.swift in Resources */,
				CA9A4E873AED9CE6A1DCE820 /* LanuchView.swift in Resources */,
				329EF12E6BB0FBBC7374D6A4 /* ListArrowView.swift in Resources */,
				6B036FA036BC34ADE9829475 /* ListtLoginView.swift in Resources */,
				882155A702EED31BAA47D64C /* LottieLoadingView.swift in Resources */,
				415C5096C7D6627AFC4D488E /* LottieView.swift in Resources */,
				F0A8E26172704DB6F04B8809 /* DotIndicator.swift in Resources */,
				3A65B24F32C8574F481943BD /* PagerIndicator.swift in Resources */,
				90A1B63EC2EED80A9F45AC84 /* SearchBar.swift in Resources */,
				2C0BDE6B0CD274A9A74C19BC /* ShareView.swift in Resources */,
				B0613F5B23F43D56ADC8B086 /* CustomInputField.swift in Resources */,
				E08C50A6D604FC77BB499310 /* SignUPTextFieldView.swift in Resources */,
				930CD64E8E23975D48444210 /* WebView.swift in Resources */,
				FB5928FF9F234C2B8F6A7066 /* WebViews.swift in Resources */,
				D683571E328F838C3E805756 /* FavoriteView.swift in Resources */,
				DC4DFD5B31400496EA356064 /* BannerImages.swift in Resources */,
				58714EEDFB8B4B5A4D81EAE8 /* BrandType.swift in Resources */,
				FFB91B2E1A1B0EF9647A8702 /* HomeView.swift in Resources */,
				D1C5F41E88FE8A781C283F36 /* HomeViewNavigaionItem.swift in Resources */,
				FD5ADF9BE25F1C0AFD79A77C /* NotiView.swift in Resources */,
				783C0C8F569D88CCD2240FD4 /* DetailImageView.swift in Resources */,
				985DDAEEE6890F1944B8B9D2 /* InfoViewModel.swift in Resources */,
				D8D26AAE5D7F71B59F1BE597 /* PopView.swift in Resources */,
				DD6EE052DEA2C8D73D76CA42 /* ProductInfoImage.swift in Resources */,
				C8899D531BDDF72F2FC0403D /* ProductView.swift in Resources */,
				E686695B176EA20918F62B3C /* ReviewView.swift in Resources */,
				C0A08081A5220110EECD97C5 /* ProdductListView.swift in Resources */,
				A9308AC5F61405D097E12B44 /* ProfileLogoutType.swift in Resources */,
				A268D6FE1B2A1A6F83D3867B /* ProfileNickNameView.swift in Resources */,
				9B926C77BFB5BC467F4678FC /* ProfileSettingType.swift in Resources */,
				CC298A91652F9C75D955EAE8 /* ProfileView.swift in Resources */,
				B97FD81FBE453A19AC8F2810 /* NaviagationSearchView.swift in Resources */,
				8ABFCC9E71C975CBBC6DA684 /* SearchRowListView.swift in Resources */,
				D14A53A644B8880565905891 /* SearchView.swift in Resources */,
				38E2DFD071C9CD3D2797D28E /* MainTabView.swift in Resources */,
				CD496B1F08B32DE70C6C7ED5 /* Demo.swift in Resources */,
				40ACF23D4DF4DBBC838E0660 /* MainShoesViewModel.swift in Resources */,
				4B0A4363C7F0AE0BD26A0CF4 /* ProfileViewModel.swift in Resources */,
				3C9540D5E6A7DC4A89296E90 /* SignUPViewModel.swift in Resources */,
			);
			runOnlyForDeploymentPostprocessing = 0;
		};
		B0378CFFEA586D26F93A7905 /* Resources */ = {
			isa = PBXResourcesBuildPhase;
			buildActionMask = 2147483647;
			files = (
			);
			runOnlyForDeploymentPostprocessing = 0;
		};
/* End PBXResourcesBuildPhase section */

/* Begin PBXShellScriptBuildPhase section */
		93CD574C9939471694D66EF2 /* FirebaseCrashlyticsScript */ = {
			isa = PBXShellScriptBuildPhase;
			alwaysOutOfDate = 1;
			buildActionMask = 2147483647;
			files = (
			);
			inputFileListPaths = (
			);
			inputPaths = (
				"$(SRCROOT)/$(BUILT_PRODUCTS_DIR)/Firebase/GoogleService-Info.plist",
				"${DWARF_DSYM_FOLDER_PATH}/${DWARF_DSYM_FILE_NAME}/Contents/Resources/DWARF/${TARGET_NAME}",
				"$(SRCROOT)/$(BUILT_PRODUCTS_DIR)/$(INFOPLIST_PATH)",
				"${BUILT_PRODUCTS_DIR}/${PRODUCT_NAME}.app/Firebase/GoogleService-Info.plist -p ios ${DWARF_DSYM_FOLDER_PATH}/${DWARF_DSYM_FILE_NAME}",
			);
			name = FirebaseCrashlyticsScript;
			outputFileListPaths = (
			);
			outputPaths = (
			);
			runOnlyForDeploymentPostprocessing = 0;
			shellPath = /bin/sh;
			shellScript = "\"${BUILD_DIR%Build/*}SourcePackages/checkouts/firebase-ios-sdk/Crashlytics/run\"";
		};
/* End PBXShellScriptBuildPhase section */

/* Begin PBXSourcesBuildPhase section */
		07AD6F9DCA0BE7151E0311EC /* Sources */ = {
			isa = PBXSourcesBuildPhase;
			buildActionMask = 2147483647;
			files = (
				7F18914D8E653A26960ACE50 /* TuistAssets+MarketApp.swift in Sources */,
				D3C91207CC01747B6BE5A7C7 /* TuistBundle+MarketApp.swift in Sources */,
				9138D1DFAC8075FBCBE15480 /* TuistFonts+MarketApp.swift in Sources */,
				BFDA528A0E549BFD042B84E2 /* TuistPlists+MarketApp.swift in Sources */,
				57AA3D5A7249E1A868441E3C /* AppDelegate.swift in Sources */,
				18ADE4FEB3E00626004DB633 /* MarketAppApp.swift in Sources */,
				39110FF8B7F5255638B4317A /* ShoesDetailModel.swift in Sources */,
				9408273CD598987322152226 /* ShoesModel.swift in Sources */,
				9C42B0AABC42441F65EFD6CC /* APIError.swift in Sources */,
				499297BA50AA0BD4F008F671 /* MainDetailService.swift in Sources */,
				FB53690D3A6A7E204FFBA41A /* MainShoesService.swift in Sources */,
				76C71EE1256BF96109A3FBBB /* AffinityAPI-Main.swift in Sources */,
				0CC600D1A77CEBEC77F5D674 /* AffinityAppCheck.swift in Sources */,
				E186C60B23BDC79CD7F3C4BD /* AppManger.swift in Sources */,
				858DE00F9D316DAC27DE7501 /* AppleLoginManger.swift in Sources */,
				E266647DBBE135D5A7962002 /* SignManger.swift in Sources */,
				2A9A093BA954D0C8C2AC6781 /* ColorAsset.swift in Sources */,
				B65C3682A4CDCA3790D3E783 /* FontColor.swift in Sources */,
				BDBD3F58F37C56D3825AD89E /* KeyboardHandler.swift in Sources */,
				3A7FCF1FB1796E95D94AE5FB /* PreviewProvider.swift in Sources */,
				A7A5D18D1986FDF295D9EB9E /* UIApplication.swift in Sources */,
				FD14539E20007428D8624C23 /* NanumSquareNeo.swift in Sources */,
				CBF9404E2B6EF1DB64345BBF /* ImagePicker.swift in Sources */,
				48F0952023DDCC4C5895CE01 /* ImageUploader.swift in Sources */,
				D398837557A82B18B50E654F /* CheckRegister.swift in Sources */,
				ED2BD9F57DFBAE59A4BCDF44 /* ACarousel.swift in Sources */,
				6C0835F65165FA57F505BB6D /* ACarouselAutoScroll.swift in Sources */,
				334879CCAA5646E9E2EAD2C5 /* ACarouselViewModel.swift in Sources */,
				30157EB57CA211444FDAF9F5 /* AppLifeCycleModifier.swift in Sources */,
				67472A46490AB436E86DBB30 /* View+ReceiveTimer.swift in Sources */,
				033199A9701FE968BDF1A18C /* EditImageModifier.swift in Sources */,
				398EB075B1673F247D3EE630 /* ModalShapeCorner.swift in Sources */,
				0CBF34EFE97DF084D012B7A0 /* OverlayView.swift in Sources */,
				7E26651B9FC2F230D498D553 /* ScreenSize.swift in Sources */,
				AD619D5EE8C663177534AB7B /* ScrollViewModifier.swift in Sources */,
				F8197569B331A9836AEDF99C /* Size.swift in Sources */,
				39DC6D0203FB763867225D41 /* SizeReader.swift in Sources */,
				6FA0609A7CDABF30FF008493 /* FindEmailView.swift in Sources */,
				0D3CDA020646A2E05D26314D /* FindPasswordView.swift in Sources */,
				F2709C0EC87C45396B8F346A /* LoginItem.swift in Sources */,
				DD083B1852F908E26D692C2E /* LoginView.swift in Sources */,
				D4B086089450B9D94ED53EA0 /* SignUPNickNameView.swift in Sources */,
				0D4F36238594BF881EDCD53A /* SignUPView.swift in Sources */,
				5806EB372D0D6FE4EF8D4CB7 /* CartView.swift in Sources */,
				8AB698AC1D54748F1A896915 /* CommunityView.swift in Sources */,
				A95ED774C0B81AB431CF1649 /* ConfirmAlertView.swift in Sources */,
				D9E58BFE06FDFE920DF3A83F /* POPUPViews.swift in Sources */,
				4EA34881F0A7A6D21A62172C /* SignOutPOPUPView.swift in Sources */,
				639F881533078891481C7140 /* SignupPOPUPVIew.swift in Sources */,
				9EA36EAAA875FDBBDA019C70 /* withDrawPOPUPView.swift in Sources */,
				C21D0BEC8D2BC481324BEB1C /* LanuchView.swift in Sources */,
				018B7A9855575792CA0463FF /* ListArrowView.swift in Sources */,
				4B7E31B2DEA56D32E53B436E /* ListtLoginView.swift in Sources */,
				D4B85F973C6DCD7185D2BC60 /* LottieLoadingView.swift in Sources */,
				8C92BCCD627F09FDDA14104E /* LottieView.swift in Sources */,
				F67514FAB1FCE012E0F3B859 /* DotIndicator.swift in Sources */,
				9B62BF890790F4B66E385467 /* PagerIndicator.swift in Sources */,
				B23821F6C558FD9B5716BD3B /* SearchBar.swift in Sources */,
				9E7A40E427C97095A98D0FF0 /* ShareView.swift in Sources */,
				E8C1D24C38B502F35BB40FBF /* CustomInputField.swift in Sources */,
				86867D054EB0A75334AF01F7 /* SignUPTextFieldView.swift in Sources */,
				5CED769ABBB7653B985B1EC6 /* WebView.swift in Sources */,
				025894D77D3666CB7740CD17 /* WebViews.swift in Sources */,
				4BFEFCD0BF1B6309268345DA /* FavoriteView.swift in Sources */,
				E699DAEF9A5AED1261F78B86 /* BannerImages.swift in Sources */,
				0B4AB04D4226F87087533CFA /* BrandType.swift in Sources */,
				F9FFCED79159A9F79D4B4CBB /* HomeView.swift in Sources */,
				68710C558368C2D0A5E2EBCB /* HomeViewNavigaionItem.swift in Sources */,
				285559F9242E786C1CEF2BA5 /* NotiView.swift in Sources */,
				D25F8F31F53B4B110F1923D3 /* DetailImageView.swift in Sources */,
				AE8237FFB86FA456BBDDB195 /* InfoViewModel.swift in Sources */,
				4CE5D02EDF14F58EBCC954C8 /* PopView.swift in Sources */,
				AACC5B2CBC4CC4CC6CCF80AD /* ProductInfoImage.swift in Sources */,
				3FA3D377DA1F33F77BBDFD0A /* ProductView.swift in Sources */,
				AE43F35211F588BF4043E836 /* ReviewView.swift in Sources */,
				6B191496E5917864A35A0E64 /* ProdductListView.swift in Sources */,
				D36DE08019BCA55DFF170849 /* ProfileLogoutType.swift in Sources */,
				2896AFC4CA182D06A5C12D5A /* ProfileNickNameView.swift in Sources */,
				ABBCB68F31D29475D484D389 /* ProfileSettingType.swift in Sources */,
				2AD3ACCCE04F892553FE5F1A /* ProfileView.swift in Sources */,
				044FC0B7D76F3645117462DD /* NaviagationSearchView.swift in Sources */,
				657BB5321F97286511C66D4F /* SearchRowListView.swift in Sources */,
				A5826774CF8A5C06F062C9D4 /* SearchView.swift in Sources */,
				3D6104671BDBB569AA9E28B8 /* MainTabView.swift in Sources */,
				6F7BBDE5735E4FBB7F822B9C /* Demo.swift in Sources */,
				0C1D1098E108FBE4B1CBE72A /* MainShoesViewModel.swift in Sources */,
				C0C000B28817406D56E54511 /* ProfileViewModel.swift in Sources */,
				43F7E30C9604E489934A6C32 /* SignUPViewModel.swift in Sources */,
			);
			runOnlyForDeploymentPostprocessing = 0;
		};
		AC3BF41A0886285B3EA6CA5F /* Sources */ = {
			isa = PBXSourcesBuildPhase;
			buildActionMask = 2147483647;
			files = (
				63789D1880CB351D6C0B597F /* MainVIewModelTests.swift in Sources */,
				287E5CB3F265B3CEE75B5F28 /* ProfileViewModelTests.swift in Sources */,
				13ADD53916625ECE3BD00253 /* LoginViewModelTest.swift in Sources */,
			);
			runOnlyForDeploymentPostprocessing = 0;
		};
		B5DDC6FC7D33F7560C2060BF /* Sources */ = {
			isa = PBXSourcesBuildPhase;
			buildActionMask = 2147483647;
			files = (
				E6DC4557E42AAD21F56D169E /* MarketAppUITests.swift in Sources */,
				5B6FC21FAE4039E60691C690 /* MarketAppUITestsLaunchTests.swift in Sources */,
			);
			runOnlyForDeploymentPostprocessing = 0;
		};
/* End PBXSourcesBuildPhase section */

/* Begin PBXTargetDependency section */
		7FB6BE6D29E035A1009EF0D6 /* PBXTargetDependency */ = {
			isa = PBXTargetDependency;
			target = 50FC1488A2BEDD4CBE8F8595 /* MarketApp */;
			targetProxy = 7FB6BE6C29E035A1009EF0D6 /* PBXContainerItemProxy */;
		};
		7FB6BE6F29E035A4009EF0D6 /* PBXTargetDependency */ = {
			isa = PBXTargetDependency;
			target = 50FC1488A2BEDD4CBE8F8595 /* MarketApp */;
			targetProxy = 7FB6BE6E29E035A4009EF0D6 /* PBXContainerItemProxy */;
		};
/* End PBXTargetDependency section */

/* Begin XCBuildConfiguration section */
		007477A31496380D1021728E /* Release */ = {
			isa = XCBuildConfiguration;
			buildSettings = {
				ASSETCATALOG_COMPILER_APPICON_NAME = AppIcon;
				CODE_SIGN_IDENTITY = "iPhone Developer";
				CURRENT_PROJECT_VERSION = 83;
				ENABLE_PREVIEWS = YES;
				INFOPLIST_FILE = "Derived/InfoPlists/MarketApp-Info.plist";
				INFOPLIST_KEY_CFBundleDisplayName = Affinity;
				INFOPLIST_KEY_LSApplicationCategoryType = "public.app-category.lifestyle";
				IPHONEOS_DEPLOYMENT_TARGET = 16.0;
				LD_RUNPATH_SEARCH_PATHS = (
					"$(inherited)",
					"@executable_path/Frameworks",
				);
				MARKETING_VERSION = 1.0.3;
				PRODUCT_BUNDLE_IDENTIFIER = com.shoping.MarketApps;
				PRODUCT_NAME = MarketApp;
				SDKROOT = iphoneos;
				SUPPORTED_PLATFORMS = "iphoneos iphonesimulator";
				SUPPORTS_MACCATALYST = NO;
				SUPPORTS_MAC_DESIGNED_FOR_IPHONE_IPAD = NO;
				SWIFT_COMPILATION_MODE = wholemodule;
				SWIFT_OPTIMIZATION_LEVEL = "-Owholemodule";
				SWIFT_VERSION = 5.0;
				TARGETED_DEVICE_FAMILY = 1;
			};
			name = Release;
		};
		325282DC9026B3715C47DEC6 /* Debug */ = {
			isa = XCBuildConfiguration;
			buildSettings = {
				ALWAYS_SEARCH_USER_PATHS = NO;
				CFBundleDisplayName = Affinity;
				CLANG_ANALYZER_LOCALIZABILITY_NONLOCALIZED = YES;
				CLANG_ANALYZER_NONNULL = YES;
				CLANG_ANALYZER_NUMBER_OBJECT_CONVERSION = YES_AGGRESSIVE;
				CLANG_CXX_LANGUAGE_STANDARD = "gnu++14";
				CLANG_CXX_LIBRARY = "libc++";
				CLANG_ENABLE_MODULES = YES;
				CLANG_ENABLE_OBJC_ARC = YES;
				CLANG_ENABLE_OBJC_WEAK = YES;
				CLANG_WARN_BLOCK_CAPTURE_AUTORELEASING = YES;
				CLANG_WARN_BOOL_CONVERSION = YES;
				CLANG_WARN_COMMA = YES;
				CLANG_WARN_CONSTANT_CONVERSION = YES;
				CLANG_WARN_DEPRECATED_OBJC_IMPLEMENTATIONS = YES;
				CLANG_WARN_DIRECT_OBJC_ISA_USAGE = YES_ERROR;
				CLANG_WARN_DOCUMENTATION_COMMENTS = YES;
				CLANG_WARN_EMPTY_BODY = YES;
				CLANG_WARN_ENUM_CONVERSION = YES;
				CLANG_WARN_INFINITE_RECURSION = YES;
				CLANG_WARN_INT_CONVERSION = YES;
				CLANG_WARN_NON_LITERAL_NULL_CONVERSION = YES;
				CLANG_WARN_OBJC_IMPLICIT_RETAIN_SELF = YES;
				CLANG_WARN_OBJC_LITERAL_CONVERSION = YES;
				CLANG_WARN_OBJC_ROOT_CLASS = YES_ERROR;
				CLANG_WARN_QUOTED_INCLUDE_IN_FRAMEWORK_HEADER = YES;
				CLANG_WARN_RANGE_LOOP_ANALYSIS = YES;
				CLANG_WARN_STRICT_PROTOTYPES = YES;
				CLANG_WARN_SUSPICIOUS_MOVE = YES;
				CLANG_WARN_UNGUARDED_AVAILABILITY = YES_AGGRESSIVE;
				CLANG_WARN_UNREACHABLE_CODE = YES;
				CLANG_WARN__DUPLICATE_METHOD_MATCH = YES;
				CODE_SIGN_STYLE = Automatic;
				COPY_PHASE_STRIP = NO;
				DEAD_CODE_STRIPPING = YES;
				DEBUG_INFORMATION_FORMAT = dwarf;
				ENABLE_STRICT_OBJC_MSGSEND = YES;
				ENABLE_TESTABILITY = YES;
				GCC_C_LANGUAGE_STANDARD = gnu11;
				GCC_DYNAMIC_NO_PIC = NO;
				GCC_NO_COMMON_BLOCKS = YES;
				GCC_OPTIMIZATION_LEVEL = 0;
				GCC_PREPROCESSOR_DEFINITIONS = (
					"DEBUG=1",
					"$(inherited)",
				);
				GCC_WARN_64_TO_32_BIT_CONVERSION = YES;
				GCC_WARN_ABOUT_RETURN_TYPE = YES_ERROR;
				GCC_WARN_UNDECLARED_SELECTOR = YES;
				GCC_WARN_UNINITIALIZED_AUTOS = YES_AGGRESSIVE;
				GCC_WARN_UNUSED_FUNCTION = YES;
				GCC_WARN_UNUSED_VARIABLE = YES;
				LSApplicationCategoryType = "public.app-category.LifeStyle";
				MTL_ENABLE_DEBUG_INFO = YES;
				ONLY_ACTIVE_ARCH = YES;
				PRODUCT_NAME = Affinity;
				UISupportedInterfaceOrientations = UIInterfaceOrientationPortrait;
				"UISupportedInterfaceOrientations~ipad" = "";
			};
			name = Debug;
		};
		5255367D3B10FAE21C1774DD /* Debug */ = {
			isa = XCBuildConfiguration;
			buildSettings = {
				CODE_SIGN_IDENTITY = "iPhone Developer";
				INFOPLIST_FILE = "Derived/InfoPlists/MarketAppUITests-Info.plist";
				IPHONEOS_DEPLOYMENT_TARGET = 16.0;
				LD_RUNPATH_SEARCH_PATHS = (
					"$(inherited)",
					"@executable_path/Frameworks",
					"@loader_path/Frameworks",
				);
				PRODUCT_BUNDLE_IDENTIFIER = com.shoping.MarketApps;
				PRODUCT_NAME = MarketAppUITests;
				SDKROOT = iphoneos;
				SUPPORTED_PLATFORMS = "iphoneos iphonesimulator";
				SUPPORTS_MACCATALYST = NO;
				SUPPORTS_MAC_DESIGNED_FOR_IPHONE_IPAD = NO;
				SWIFT_ACTIVE_COMPILATION_CONDITIONS = DEBUG;
				SWIFT_COMPILATION_MODE = singlefile;
				SWIFT_OPTIMIZATION_LEVEL = "-Onone";
				SWIFT_VERSION = 5.0;
				TARGETED_DEVICE_FAMILY = 1;
				TEST_TARGET_NAME = MarketApp;
			};
			name = Debug;
		};
		86A3B9F92EAC94498580C8C2 /* Debug */ = {
			isa = XCBuildConfiguration;
			buildSettings = {
				ASSETCATALOG_COMPILER_APPICON_NAME = AppIcon;
				CODE_SIGN_IDENTITY = "iPhone Developer";
				CURRENT_PROJECT_VERSION = 83;
				ENABLE_PREVIEWS = YES;
				INFOPLIST_FILE = "Derived/InfoPlists/MarketApp-Info.plist";
				INFOPLIST_KEY_CFBundleDisplayName = Affinity;
				INFOPLIST_KEY_LSApplicationCategoryType = "public.app-category.lifestyle";
				IPHONEOS_DEPLOYMENT_TARGET = 16.0;
				LD_RUNPATH_SEARCH_PATHS = (
					"$(inherited)",
					"@executable_path/Frameworks",
				);
				MARKETING_VERSION = 1.0.3;
				PRODUCT_BUNDLE_IDENTIFIER = com.shoping.MarketApps;
				PRODUCT_NAME = MarketApp;
				SDKROOT = iphoneos;
				SUPPORTED_PLATFORMS = "iphoneos iphonesimulator";
				SUPPORTS_MACCATALYST = NO;
				SUPPORTS_MAC_DESIGNED_FOR_IPHONE_IPAD = NO;
				SWIFT_ACTIVE_COMPILATION_CONDITIONS = DEBUG;
				SWIFT_COMPILATION_MODE = singlefile;
				SWIFT_OPTIMIZATION_LEVEL = "-Onone";
				SWIFT_VERSION = 5.0;
				TARGETED_DEVICE_FAMILY = 1;
			};
			name = Debug;
		};
		AFCA778B0624E47DF20E79E6 /* Release */ = {
			isa = XCBuildConfiguration;
			buildSettings = {
				ALWAYS_SEARCH_USER_PATHS = NO;
				CFBundleDisplayName = Affinity;
				CLANG_ANALYZER_LOCALIZABILITY_NONLOCALIZED = YES;
				CLANG_ANALYZER_NONNULL = YES;
				CLANG_ANALYZER_NUMBER_OBJECT_CONVERSION = YES_AGGRESSIVE;
				CLANG_CXX_LANGUAGE_STANDARD = "gnu++14";
				CLANG_CXX_LIBRARY = "libc++";
				CLANG_ENABLE_MODULES = YES;
				CLANG_ENABLE_OBJC_ARC = YES;
				CLANG_ENABLE_OBJC_WEAK = YES;
				CLANG_WARN_BLOCK_CAPTURE_AUTORELEASING = YES;
				CLANG_WARN_BOOL_CONVERSION = YES;
				CLANG_WARN_COMMA = YES;
				CLANG_WARN_CONSTANT_CONVERSION = YES;
				CLANG_WARN_DEPRECATED_OBJC_IMPLEMENTATIONS = YES;
				CLANG_WARN_DIRECT_OBJC_ISA_USAGE = YES_ERROR;
				CLANG_WARN_DOCUMENTATION_COMMENTS = YES;
				CLANG_WARN_EMPTY_BODY = YES;
				CLANG_WARN_ENUM_CONVERSION = YES;
				CLANG_WARN_INFINITE_RECURSION = YES;
				CLANG_WARN_INT_CONVERSION = YES;
				CLANG_WARN_NON_LITERAL_NULL_CONVERSION = YES;
				CLANG_WARN_OBJC_IMPLICIT_RETAIN_SELF = YES;
				CLANG_WARN_OBJC_LITERAL_CONVERSION = YES;
				CLANG_WARN_OBJC_ROOT_CLASS = YES_ERROR;
				CLANG_WARN_QUOTED_INCLUDE_IN_FRAMEWORK_HEADER = YES;
				CLANG_WARN_RANGE_LOOP_ANALYSIS = YES;
				CLANG_WARN_STRICT_PROTOTYPES = YES;
				CLANG_WARN_SUSPICIOUS_MOVE = YES;
				CLANG_WARN_UNGUARDED_AVAILABILITY = YES_AGGRESSIVE;
				CLANG_WARN_UNREACHABLE_CODE = YES;
				CLANG_WARN__DUPLICATE_METHOD_MATCH = YES;
				CODE_SIGN_STYLE = Automatic;
				COPY_PHASE_STRIP = NO;
				DEAD_CODE_STRIPPING = YES;
				DEBUG_INFORMATION_FORMAT = "dwarf-with-dsym";
				ENABLE_NS_ASSERTIONS = NO;
				ENABLE_STRICT_OBJC_MSGSEND = YES;
				GCC_C_LANGUAGE_STANDARD = gnu11;
				GCC_NO_COMMON_BLOCKS = YES;
				GCC_WARN_64_TO_32_BIT_CONVERSION = YES;
				GCC_WARN_ABOUT_RETURN_TYPE = YES_ERROR;
				GCC_WARN_UNDECLARED_SELECTOR = YES;
				GCC_WARN_UNINITIALIZED_AUTOS = YES_AGGRESSIVE;
				GCC_WARN_UNUSED_FUNCTION = YES;
				GCC_WARN_UNUSED_VARIABLE = YES;
				LSApplicationCategoryType = "public.app-category.LifeStyle";
				MTL_ENABLE_DEBUG_INFO = NO;
				PRODUCT_NAME = Affinity;
				UISupportedInterfaceOrientations = UIInterfaceOrientationPortrait;
				"UISupportedInterfaceOrientations~ipad" = "";
				VALIDATE_PRODUCT = YES;
			};
			name = Release;
		};
		E9E167CC41FCE1CA36CE3ABB /* Debug */ = {
			isa = XCBuildConfiguration;
			buildSettings = {
				BUNDLE_LOADER = "$(TEST_HOST)";
				CODE_SIGN_IDENTITY = "iPhone Developer";
				INFOPLIST_FILE = "Derived/InfoPlists/MarketAppTests-Info.plist";
				IPHONEOS_DEPLOYMENT_TARGET = 16.0;
				LD_RUNPATH_SEARCH_PATHS = (
					"$(inherited)",
					"@executable_path/Frameworks",
					"@loader_path/Frameworks",
				);
				PRODUCT_BUNDLE_IDENTIFIER = com.shoping.MarketApps;
				PRODUCT_NAME = MarketAppTests;
				SDKROOT = iphoneos;
				SUPPORTED_PLATFORMS = "iphoneos iphonesimulator";
				SUPPORTS_MACCATALYST = NO;
				SUPPORTS_MAC_DESIGNED_FOR_IPHONE_IPAD = NO;
				SWIFT_ACTIVE_COMPILATION_CONDITIONS = DEBUG;
				SWIFT_COMPILATION_MODE = singlefile;
				SWIFT_OPTIMIZATION_LEVEL = "-Onone";
				SWIFT_VERSION = 5.0;
				TARGETED_DEVICE_FAMILY = 1;
				TEST_HOST = "$(BUILT_PRODUCTS_DIR)/MarketApp.app/$(BUNDLE_EXECUTABLE_FOLDER_PATH)/MarketApp";
			};
			name = Debug;
		};
		F285F2EF2B67D318EEEF7309 /* Release */ = {
			isa = XCBuildConfiguration;
			buildSettings = {
				CODE_SIGN_IDENTITY = "iPhone Developer";
				INFOPLIST_FILE = "Derived/InfoPlists/MarketAppUITests-Info.plist";
				IPHONEOS_DEPLOYMENT_TARGET = 16.0;
				LD_RUNPATH_SEARCH_PATHS = (
					"$(inherited)",
					"@executable_path/Frameworks",
					"@loader_path/Frameworks",
				);
				PRODUCT_BUNDLE_IDENTIFIER = com.shoping.MarketApps;
				PRODUCT_NAME = MarketAppUITests;
				SDKROOT = iphoneos;
				SUPPORTED_PLATFORMS = "iphoneos iphonesimulator";
				SUPPORTS_MACCATALYST = NO;
				SUPPORTS_MAC_DESIGNED_FOR_IPHONE_IPAD = NO;
				SWIFT_COMPILATION_MODE = wholemodule;
				SWIFT_OPTIMIZATION_LEVEL = "-Owholemodule";
				SWIFT_VERSION = 5.0;
				TARGETED_DEVICE_FAMILY = 1;
				TEST_TARGET_NAME = MarketApp;
			};
			name = Release;
		};
		F493EB63343DF5FCB557EBAA /* Release */ = {
			isa = XCBuildConfiguration;
			buildSettings = {
				BUNDLE_LOADER = "$(TEST_HOST)";
				CODE_SIGN_IDENTITY = "iPhone Developer";
				INFOPLIST_FILE = "Derived/InfoPlists/MarketAppTests-Info.plist";
				IPHONEOS_DEPLOYMENT_TARGET = 16.0;
				LD_RUNPATH_SEARCH_PATHS = (
					"$(inherited)",
					"@executable_path/Frameworks",
					"@loader_path/Frameworks",
				);
				PRODUCT_BUNDLE_IDENTIFIER = com.shoping.MarketApps;
				PRODUCT_NAME = MarketAppTests;
				SDKROOT = iphoneos;
				SUPPORTED_PLATFORMS = "iphoneos iphonesimulator";
				SUPPORTS_MACCATALYST = NO;
				SUPPORTS_MAC_DESIGNED_FOR_IPHONE_IPAD = NO;
				SWIFT_COMPILATION_MODE = wholemodule;
				SWIFT_OPTIMIZATION_LEVEL = "-Owholemodule";
				SWIFT_VERSION = 5.0;
				TARGETED_DEVICE_FAMILY = 1;
				TEST_HOST = "$(BUILT_PRODUCTS_DIR)/MarketApp.app/$(BUNDLE_EXECUTABLE_FOLDER_PATH)/MarketApp";
			};
			name = Release;
		};
/* End XCBuildConfiguration section */

/* Begin XCConfigurationList section */
		8B997E7B04E39F88D747800B /* Build configuration list for PBXNativeTarget "MarketAppUITests" */ = {
			isa = XCConfigurationList;
			buildConfigurations = (
				5255367D3B10FAE21C1774DD /* Debug */,
				F285F2EF2B67D318EEEF7309 /* Release */,
			);
			defaultConfigurationIsVisible = 0;
			defaultConfigurationName = Release;
		};
		AD458A281807FA1E84210E19 /* Build configuration list for PBXProject "MarketApp" */ = {
			isa = XCConfigurationList;
			buildConfigurations = (
				325282DC9026B3715C47DEC6 /* Debug */,
				AFCA778B0624E47DF20E79E6 /* Release */,
			);
			defaultConfigurationIsVisible = 0;
			defaultConfigurationName = Release;
		};
		BC810AFDA9CA045D96CC71D8 /* Build configuration list for PBXNativeTarget "MarketAppTests" */ = {
			isa = XCConfigurationList;
			buildConfigurations = (
				E9E167CC41FCE1CA36CE3ABB /* Debug */,
				F493EB63343DF5FCB557EBAA /* Release */,
			);
			defaultConfigurationIsVisible = 0;
			defaultConfigurationName = Release;
		};
		CBDF6CCD85AB9A8F33BF6EAC /* Build configuration list for PBXNativeTarget "MarketApp" */ = {
			isa = XCConfigurationList;
			buildConfigurations = (
				86A3B9F92EAC94498580C8C2 /* Debug */,
				007477A31496380D1021728E /* Release */,
			);
			defaultConfigurationIsVisible = 0;
			defaultConfigurationName = Release;
		};
/* End XCConfigurationList section */
	};
	rootObject = CA2E66B4E926C2E5E2FAC9EB /* Project object */;
}
