// !$*UTF8*$!
{
	archiveVersion = 1;
	classes = {
	};
	objectVersion = 55;
	objects = {

/* Begin PBXBuildFile section */
		EC451F6E290BBCD7008C88A7 /* InfoView.swift in Sources */ = {isa = PBXBuildFile; fileRef = EC451F6D290BBCD7008C88A7 /* InfoView.swift */; };
		EC892A9F2908189600D02F99 /* MarketAppApp.swift in Sources */ = {isa = PBXBuildFile; fileRef = EC892A9E2908189600D02F99 /* MarketAppApp.swift */; };
		EC892AA12908189600D02F99 /* ContentView.swift in Sources */ = {isa = PBXBuildFile; fileRef = EC892AA02908189600D02F99 /* ContentView.swift */; };
		EC892AA32908189700D02F99 /* Assets.xcassets in Resources */ = {isa = PBXBuildFile; fileRef = EC892AA22908189700D02F99 /* Assets.xcassets */; };
		EC892AA62908189700D02F99 /* Preview Assets.xcassets in Resources */ = {isa = PBXBuildFile; fileRef = EC892AA52908189700D02F99 /* Preview Assets.xcassets */; };
		EC892AAF2908201700D02F99 /* MainView.swift in Sources */ = {isa = PBXBuildFile; fileRef = EC892AAE2908201700D02F99 /* MainView.swift */; };
		EC892AB32908205D00D02F99 /* CartView.swift in Sources */ = {isa = PBXBuildFile; fileRef = EC892AB22908205D00D02F99 /* CartView.swift */; };
		EC892AB52908206F00D02F99 /* SearchView.swift in Sources */ = {isa = PBXBuildFile; fileRef = EC892AB42908206F00D02F99 /* SearchView.swift */; };
		EC892AB72908207D00D02F99 /* NotiView.swift in Sources */ = {isa = PBXBuildFile; fileRef = EC892AB62908207D00D02F99 /* NotiView.swift */; };
		EC892AB9290820A100D02F99 /* ListView.swift in Sources */ = {isa = PBXBuildFile; fileRef = EC892AB8290820A100D02F99 /* ListView.swift */; };
		EC892ABB290820B800D02F99 /* FavoriteView.swift in Sources */ = {isa = PBXBuildFile; fileRef = EC892ABA290820B800D02F99 /* FavoriteView.swift */; };
		EC892ABD290820C600D02F99 /* ProfileView.swift in Sources */ = {isa = PBXBuildFile; fileRef = EC892ABC290820C600D02F99 /* ProfileView.swift */; };
		EC892ABF2908214900D02F99 /* ProductView.swift in Sources */ = {isa = PBXBuildFile; fileRef = EC892ABE2908214900D02F99 /* ProductView.swift */; };
		ECB2F1362909258B00E9F7D3 /* PopView.swift in Sources */ = {isa = PBXBuildFile; fileRef = ECB2F1352909258B00E9F7D3 /* PopView.swift */; };
/* End PBXBuildFile section */

/* Begin PBXFileReference section */
		EC451F6D290BBCD7008C88A7 /* InfoView.swift */ = {isa = PBXFileReference; lastKnownFileType = sourcecode.swift; path = InfoView.swift; sourceTree = "<group>"; };
		EC892A9B2908189600D02F99 /* MarketApp.app */ = {isa = PBXFileReference; explicitFileType = wrapper.application; includeInIndex = 0; path = MarketApp.app; sourceTree = BUILT_PRODUCTS_DIR; };
		EC892A9E2908189600D02F99 /* MarketAppApp.swift */ = {isa = PBXFileReference; lastKnownFileType = sourcecode.swift; path = MarketAppApp.swift; sourceTree = "<group>"; };
		EC892AA02908189600D02F99 /* ContentView.swift */ = {isa = PBXFileReference; lastKnownFileType = sourcecode.swift; path = ContentView.swift; sourceTree = "<group>"; };
		EC892AA22908189700D02F99 /* Assets.xcassets */ = {isa = PBXFileReference; lastKnownFileType = folder.assetcatalog; path = Assets.xcassets; sourceTree = "<group>"; };
		EC892AA52908189700D02F99 /* Preview Assets.xcassets */ = {isa = PBXFileReference; lastKnownFileType = folder.assetcatalog; path = "Preview Assets.xcassets"; sourceTree = "<group>"; };
		EC892AAE2908201700D02F99 /* MainView.swift */ = {isa = PBXFileReference; lastKnownFileType = sourcecode.swift; path = MainView.swift; sourceTree = "<group>"; };
		EC892AB22908205D00D02F99 /* CartView.swift */ = {isa = PBXFileReference; lastKnownFileType = sourcecode.swift; path = CartView.swift; sourceTree = "<group>"; };
		EC892AB42908206F00D02F99 /* SearchView.swift */ = {isa = PBXFileReference; lastKnownFileType = sourcecode.swift; path = SearchView.swift; sourceTree = "<group>"; };
		EC892AB62908207D00D02F99 /* NotiView.swift */ = {isa = PBXFileReference; lastKnownFileType = sourcecode.swift; path = NotiView.swift; sourceTree = "<group>"; };
		EC892AB8290820A100D02F99 /* ListView.swift */ = {isa = PBXFileReference; lastKnownFileType = sourcecode.swift; path = ListView.swift; sourceTree = "<group>"; };
		EC892ABA290820B800D02F99 /* FavoriteView.swift */ = {isa = PBXFileReference; lastKnownFileType = sourcecode.swift; path = FavoriteView.swift; sourceTree = "<group>"; };
		EC892ABC290820C600D02F99 /* ProfileView.swift */ = {isa = PBXFileReference; lastKnownFileType = sourcecode.swift; path = ProfileView.swift; sourceTree = "<group>"; };
		EC892ABE2908214900D02F99 /* ProductView.swift */ = {isa = PBXFileReference; lastKnownFileType = sourcecode.swift; path = ProductView.swift; sourceTree = "<group>"; };
		ECB2F1352909258B00E9F7D3 /* PopView.swift */ = {isa = PBXFileReference; lastKnownFileType = sourcecode.swift; path = PopView.swift; sourceTree = "<group>"; };
/* End PBXFileReference section */

/* Begin PBXFrameworksBuildPhase section */
		EC892A982908189600D02F99 /* Frameworks */ = {
			isa = PBXFrameworksBuildPhase;
			buildActionMask = 2147483647;
			files = (
			);
			runOnlyForDeploymentPostprocessing = 0;
		};
/* End PBXFrameworksBuildPhase section */

/* Begin PBXGroup section */
		C9E3E7A32908239700914FE5 /* ProductList */ = {
			isa = PBXGroup;
			children = (
				EC892AAE2908201700D02F99 /* MainView.swift */,
				EC892AB8290820A100D02F99 /* ListView.swift */,
			);
			path = ProductList;
			sourceTree = "<group>";
		};
		C9E3E7A4290823A200914FE5 /* ProductDetail */ = {
			isa = PBXGroup;
			children = (
				EC892ABE2908214900D02F99 /* ProductView.swift */,
				ECB2F1352909258B00E9F7D3 /* PopView.swift */,
				EC451F6D290BBCD7008C88A7 /* InfoView.swift */,
			);
			path = ProductDetail;
			sourceTree = "<group>";
		};
		C9E3E7A5290823DB00914FE5 /* Favorite */ = {
			isa = PBXGroup;
			children = (
				EC892ABA290820B800D02F99 /* FavoriteView.swift */,
			);
			path = Favorite;
			sourceTree = "<group>";
		};
		C9E3E7A6290823E100914FE5 /* Profile */ = {
			isa = PBXGroup;
			children = (
				EC892ABC290820C600D02F99 /* ProfileView.swift */,
			);
			path = Profile;
			sourceTree = "<group>";
		};
		C9E3E7A7290823FA00914FE5 /* Component */ = {
			isa = PBXGroup;
			children = (
				EC892AB22908205D00D02F99 /* CartView.swift */,
				EC892AB42908206F00D02F99 /* SearchView.swift */,
				EC892AB62908207D00D02F99 /* NotiView.swift */,
			);
			path = Component;
			sourceTree = "<group>";
		};
		EC892A922908189600D02F99 = {
			isa = PBXGroup;
			children = (
				EC892A9E2908189600D02F99 /* MarketAppApp.swift */,
				EC892AA02908189600D02F99 /* ContentView.swift */,
				EC892A9D2908189600D02F99 /* MarketApp */,
				EC892A9C2908189600D02F99 /* Products */,
			);
			sourceTree = "<group>";
		};
		EC892A9C2908189600D02F99 /* Products */ = {
			isa = PBXGroup;
			children = (
				EC892A9B2908189600D02F99 /* MarketApp.app */,
			);
			name = Products;
			sourceTree = "<group>";
		};
		EC892A9D2908189600D02F99 /* MarketApp */ = {
			isa = PBXGroup;
			children = (
				C9E3E7A7290823FA00914FE5 /* Component */,
				C9E3E7A6290823E100914FE5 /* Profile */,
				C9E3E7A5290823DB00914FE5 /* Favorite */,
				C9E3E7A4290823A200914FE5 /* ProductDetail */,
				C9E3E7A32908239700914FE5 /* ProductList */,
				EC892AA22908189700D02F99 /* Assets.xcassets */,
				EC892AA42908189700D02F99 /* Preview Content */,
			);
			path = MarketApp;
			sourceTree = "<group>";
		};
		EC892AA42908189700D02F99 /* Preview Content */ = {
			isa = PBXGroup;
			children = (
				EC892AA52908189700D02F99 /* Preview Assets.xcassets */,
			);
			path = "Preview Content";
			sourceTree = "<group>";
		};
/* End PBXGroup section */

/* Begin PBXNativeTarget section */
		EC892A9A2908189600D02F99 /* MarketApp */ = {
			isa = PBXNativeTarget;
			buildConfigurationList = EC892AA92908189700D02F99 /* Build configuration list for PBXNativeTarget "MarketApp" */;
			buildPhases = (
				EC892A972908189600D02F99 /* Sources */,
				EC892A982908189600D02F99 /* Frameworks */,
				EC892A992908189600D02F99 /* Resources */,
			);
			buildRules = (
			);
			dependencies = (
			);
			name = MarketApp;
			productName = MarketApp;
			productReference = EC892A9B2908189600D02F99 /* MarketApp.app */;
			productType = "com.apple.product-type.application";
		};
/* End PBXNativeTarget section */

/* Begin PBXProject section */
		EC892A932908189600D02F99 /* Project object */ = {
			isa = PBXProject;
			attributes = {
				BuildIndependentTargetsInParallel = 1;
				LastSwiftUpdateCheck = 1340;
				LastUpgradeCheck = 1340;
				TargetAttributes = {
					EC892A9A2908189600D02F99 = {
						CreatedOnToolsVersion = 13.4.1;
					};
				};
			};
			buildConfigurationList = EC892A962908189600D02F99 /* Build configuration list for PBXProject "MarketApp" */;
			compatibilityVersion = "Xcode 13.0";
			developmentRegion = en;
			hasScannedForEncodings = 0;
			knownRegions = (
				en,
				Base,
			);
			mainGroup = EC892A922908189600D02F99;
			productRefGroup = EC892A9C2908189600D02F99 /* Products */;
			projectDirPath = "";
			projectRoot = "";
			targets = (
				EC892A9A2908189600D02F99 /* MarketApp */,
			);
		};
/* End PBXProject section */

/* Begin PBXResourcesBuildPhase section */
		EC892A992908189600D02F99 /* Resources */ = {
			isa = PBXResourcesBuildPhase;
			buildActionMask = 2147483647;
			files = (
				EC892AA62908189700D02F99 /* Preview Assets.xcassets in Resources */,
				EC892AA32908189700D02F99 /* Assets.xcassets in Resources */,
			);
			runOnlyForDeploymentPostprocessing = 0;
		};
/* End PBXResourcesBuildPhase section */

/* Begin PBXSourcesBuildPhase section */
		EC892A972908189600D02F99 /* Sources */ = {
			isa = PBXSourcesBuildPhase;
			buildActionMask = 2147483647;
			files = (
				EC892ABF2908214900D02F99 /* ProductView.swift in Sources */,
				EC892ABB290820B800D02F99 /* FavoriteView.swift in Sources */,
				ECB2F1362909258B00E9F7D3 /* PopView.swift in Sources */,
				EC892ABD290820C600D02F99 /* ProfileView.swift in Sources */,
				EC451F6E290BBCD7008C88A7 /* InfoView.swift in Sources */,
				EC892AB52908206F00D02F99 /* SearchView.swift in Sources */,
				EC892AA12908189600D02F99 /* ContentView.swift in Sources */,
				EC892AB72908207D00D02F99 /* NotiView.swift in Sources */,
				EC892AB9290820A100D02F99 /* ListView.swift in Sources */,
				EC892AAF2908201700D02F99 /* MainView.swift in Sources */,
				EC892AB32908205D00D02F99 /* CartView.swift in Sources */,
				EC892A9F2908189600D02F99 /* MarketAppApp.swift in Sources */,
			);
			runOnlyForDeploymentPostprocessing = 0;
		};
/* End PBXSourcesBuildPhase section */

/* Begin XCBuildConfiguration section */
		EC892AA72908189700D02F99 /* Debug */ = {
			isa = XCBuildConfiguration;
			buildSettings = {
				ALWAYS_SEARCH_USER_PATHS = NO;
				CLANG_ANALYZER_NONNULL = YES;
				CLANG_ANALYZER_NUMBER_OBJECT_CONVERSION = YES_AGGRESSIVE;
				CLANG_CXX_LANGUAGE_STANDARD = "gnu++17";
				CLANG_ENABLE_MODULES = YES;
				CLANG_ENABLE_OBJC_ARC = YES;
				CLANG_ENABLE_OBJC_WEAK = YES;
				CLANG_WARN_BLOCK_CAPTURE_AUTORELEASING = YES;
				CLANG_WARN_BOOL_CONVERSION = YES;
				CLANG_WARN_COMMA = YES;
				CLANG_WARN_CONSTANT_CONVERSION = YES;
				CLANG_WARN_DEPRECATED_OBJC_IMPLEMENTATIONS = YES;
				CLANG_WARN_DIRECT_OBJC_ISA_USAGE = YES_ERROR;
				CLANG_WARN_DOCUMENTATION_COMMENTS = YES;
				CLANG_WARN_EMPTY_BODY = YES;
				CLANG_WARN_ENUM_CONVERSION = YES;
				CLANG_WARN_INFINITE_RECURSION = YES;
				CLANG_WARN_INT_CONVERSION = YES;
				CLANG_WARN_NON_LITERAL_NULL_CONVERSION = YES;
				CLANG_WARN_OBJC_IMPLICIT_RETAIN_SELF = YES;
				CLANG_WARN_OBJC_LITERAL_CONVERSION = YES;
				CLANG_WARN_OBJC_ROOT_CLASS = YES_ERROR;
				CLANG_WARN_QUOTED_INCLUDE_IN_FRAMEWORK_HEADER = YES;
				CLANG_WARN_RANGE_LOOP_ANALYSIS = YES;
				CLANG_WARN_STRICT_PROTOTYPES = YES;
				CLANG_WARN_SUSPICIOUS_MOVE = YES;
				CLANG_WARN_UNGUARDED_AVAILABILITY = YES_AGGRESSIVE;
				CLANG_WARN_UNREACHABLE_CODE = YES;
				CLANG_WARN__DUPLICATE_METHOD_MATCH = YES;
				COPY_PHASE_STRIP = NO;
				DEBUG_INFORMATION_FORMAT = dwarf;
				ENABLE_STRICT_OBJC_MSGSEND = YES;
				ENABLE_TESTABILITY = YES;
				GCC_C_LANGUAGE_STANDARD = gnu11;
				GCC_DYNAMIC_NO_PIC = NO;
				GCC_NO_COMMON_BLOCKS = YES;
				GCC_OPTIMIZATION_LEVEL = 0;
				GCC_PREPROCESSOR_DEFINITIONS = (
					"DEBUG=1",
					"$(inherited)",
				);
				GCC_WARN_64_TO_32_BIT_CONVERSION = YES;
				GCC_WARN_ABOUT_RETURN_TYPE = YES_ERROR;
				GCC_WARN_UNDECLARED_SELECTOR = YES;
				GCC_WARN_UNINITIALIZED_AUTOS = YES_AGGRESSIVE;
				GCC_WARN_UNUSED_FUNCTION = YES;
				GCC_WARN_UNUSED_VARIABLE = YES;
				IPHONEOS_DEPLOYMENT_TARGET = 15.5;
				MTL_ENABLE_DEBUG_INFO = INCLUDE_SOURCE;
				MTL_FAST_MATH = YES;
				ONLY_ACTIVE_ARCH = YES;
				SDKROOT = iphoneos;
				SWIFT_ACTIVE_COMPILATION_CONDITIONS = DEBUG;
				SWIFT_OPTIMIZATION_LEVEL = "-Onone";
			};
			name = Debug;
		};
		EC892AA82908189700D02F99 /* Release */ = {
			isa = XCBuildConfiguration;
			buildSettings = {
				ALWAYS_SEARCH_USER_PATHS = NO;
				CLANG_ANALYZER_NONNULL = YES;
				CLANG_ANALYZER_NUMBER_OBJECT_CONVERSION = YES_AGGRESSIVE;
				CLANG_CXX_LANGUAGE_STANDARD = "gnu++17";
				CLANG_ENABLE_MODULES = YES;
				CLANG_ENABLE_OBJC_ARC = YES;
				CLANG_ENABLE_OBJC_WEAK = YES;
				CLANG_WARN_BLOCK_CAPTURE_AUTORELEASING = YES;
				CLANG_WARN_BOOL_CONVERSION = YES;
				CLANG_WARN_COMMA = YES;
				CLANG_WARN_CONSTANT_CONVERSION = YES;
				CLANG_WARN_DEPRECATED_OBJC_IMPLEMENTATIONS = YES;
				CLANG_WARN_DIRECT_OBJC_ISA_USAGE = YES_ERROR;
				CLANG_WARN_DOCUMENTATION_COMMENTS = YES;
				CLANG_WARN_EMPTY_BODY = YES;
				CLANG_WARN_ENUM_CONVERSION = YES;
				CLANG_WARN_INFINITE_RECURSION = YES;
				CLANG_WARN_INT_CONVERSION = YES;
				CLANG_WARN_NON_LITERAL_NULL_CONVERSION = YES;
				CLANG_WARN_OBJC_IMPLICIT_RETAIN_SELF = YES;
				CLANG_WARN_OBJC_LITERAL_CONVERSION = YES;
				CLANG_WARN_OBJC_ROOT_CLASS = YES_ERROR;
				CLANG_WARN_QUOTED_INCLUDE_IN_FRAMEWORK_HEADER = YES;
				CLANG_WARN_RANGE_LOOP_ANALYSIS = YES;
				CLANG_WARN_STRICT_PROTOTYPES = YES;
				CLANG_WARN_SUSPICIOUS_MOVE = YES;
				CLANG_WARN_UNGUARDED_AVAILABILITY = YES_AGGRESSIVE;
				CLANG_WARN_UNREACHABLE_CODE = YES;
				CLANG_WARN__DUPLICATE_METHOD_MATCH = YES;
				COPY_PHASE_STRIP = NO;
				DEBUG_INFORMATION_FORMAT = "dwarf-with-dsym";
				ENABLE_NS_ASSERTIONS = NO;
				ENABLE_STRICT_OBJC_MSGSEND = YES;
				GCC_C_LANGUAGE_STANDARD = gnu11;
				GCC_NO_COMMON_BLOCKS = YES;
				GCC_WARN_64_TO_32_BIT_CONVERSION = YES;
				GCC_WARN_ABOUT_RETURN_TYPE = YES_ERROR;
				GCC_WARN_UNDECLARED_SELECTOR = YES;
				GCC_WARN_UNINITIALIZED_AUTOS = YES_AGGRESSIVE;
				GCC_WARN_UNUSED_FUNCTION = YES;
				GCC_WARN_UNUSED_VARIABLE = YES;
				IPHONEOS_DEPLOYMENT_TARGET = 15.5;
				MTL_ENABLE_DEBUG_INFO = NO;
				MTL_FAST_MATH = YES;
				SDKROOT = iphoneos;
				SWIFT_COMPILATION_MODE = wholemodule;
				SWIFT_OPTIMIZATION_LEVEL = "-O";
				VALIDATE_PRODUCT = YES;
			};
			name = Release;
		};
		EC892AAA2908189700D02F99 /* Debug */ = {
			isa = XCBuildConfiguration;
			buildSettings = {
				ASSETCATALOG_COMPILER_APPICON_NAME = AppIcon;
				ASSETCATALOG_COMPILER_GLOBAL_ACCENT_COLOR_NAME = AccentColor;
				CODE_SIGN_STYLE = Automatic;
				CURRENT_PROJECT_VERSION = 1;
				DEVELOPMENT_ASSET_PATHS = "\"MarketApp/Preview Content\"";
				ENABLE_PREVIEWS = YES;
				GENERATE_INFOPLIST_FILE = YES;
				INFOPLIST_KEY_UIApplicationSceneManifest_Generation = YES;
				INFOPLIST_KEY_UIApplicationSupportsIndirectInputEvents = YES;
				INFOPLIST_KEY_UILaunchScreen_Generation = YES;
				INFOPLIST_KEY_UISupportedInterfaceOrientations_iPad = "UIInterfaceOrientationPortrait UIInterfaceOrientationPortraitUpsideDown UIInterfaceOrientationLandscapeLeft UIInterfaceOrientationLandscapeRight";
				INFOPLIST_KEY_UISupportedInterfaceOrientations_iPhone = "UIInterfaceOrientationPortrait UIInterfaceOrientationLandscapeLeft UIInterfaceOrientationLandscapeRight";
				LD_RUNPATH_SEARCH_PATHS = (
					"$(inherited)",
					"@executable_path/Frameworks",
				);
				MARKETING_VERSION = 1.0;
				PRODUCT_BUNDLE_IDENTIFIER = com.shoping.MarketApp;
				PRODUCT_NAME = "$(TARGET_NAME)";
				SWIFT_EMIT_LOC_STRINGS = YES;
				SWIFT_VERSION = 5.0;
				TARGETED_DEVICE_FAMILY = "1,2";
			};
			name = Debug;
		};
		EC892AAB2908189700D02F99 /* Release */ = {
			isa = XCBuildConfiguration;
			buildSettings = {
				ASSETCATALOG_COMPILER_APPICON_NAME = AppIcon;
				ASSETCATALOG_COMPILER_GLOBAL_ACCENT_COLOR_NAME = AccentColor;
				CODE_SIGN_STYLE = Automatic;
				CURRENT_PROJECT_VERSION = 1;
				DEVELOPMENT_ASSET_PATHS = "\"MarketApp/Preview Content\"";
				ENABLE_PREVIEWS = YES;
				GENERATE_INFOPLIST_FILE = YES;
				INFOPLIST_KEY_UIApplicationSceneManifest_Generation = YES;
				INFOPLIST_KEY_UIApplicationSupportsIndirectInputEvents = YES;
				INFOPLIST_KEY_UILaunchScreen_Generation = YES;
				INFOPLIST_KEY_UISupportedInterfaceOrientations_iPad = "UIInterfaceOrientationPortrait UIInterfaceOrientationPortraitUpsideDown UIInterfaceOrientationLandscapeLeft UIInterfaceOrientationLandscapeRight";
				INFOPLIST_KEY_UISupportedInterfaceOrientations_iPhone = "UIInterfaceOrientationPortrait UIInterfaceOrientationLandscapeLeft UIInterfaceOrientationLandscapeRight";
				LD_RUNPATH_SEARCH_PATHS = (
					"$(inherited)",
					"@executable_path/Frameworks",
				);
				MARKETING_VERSION = 1.0;
				PRODUCT_BUNDLE_IDENTIFIER = com.shoping.MarketApp;
				PRODUCT_NAME = "$(TARGET_NAME)";
				SWIFT_EMIT_LOC_STRINGS = YES;
				SWIFT_VERSION = 5.0;
				TARGETED_DEVICE_FAMILY = "1,2";
			};
			name = Release;
		};
/* End XCBuildConfiguration section */

/* Begin XCConfigurationList section */
		EC892A962908189600D02F99 /* Build configuration list for PBXProject "MarketApp" */ = {
			isa = XCConfigurationList;
			buildConfigurations = (
				EC892AA72908189700D02F99 /* Debug */,
				EC892AA82908189700D02F99 /* Release */,
			);
			defaultConfigurationIsVisible = 0;
			defaultConfigurationName = Release;
		};
		EC892AA92908189700D02F99 /* Build configuration list for PBXNativeTarget "MarketApp" */ = {
			isa = XCConfigurationList;
			buildConfigurations = (
				EC892AAA2908189700D02F99 /* Debug */,
				EC892AAB2908189700D02F99 /* Release */,
			);
			defaultConfigurationIsVisible = 0;
			defaultConfigurationName = Release;
		};
/* End XCConfigurationList section */
	};
	rootObject = EC892A932908189600D02F99 /* Project object */;
}
